// !$*UTF8*$!
{
	archiveVersion = 1;
	classes = {
	};
	objectVersion = 46;
	objects = {

/* Begin PBXBuildFile section */
		0D5CFD50212C275E00C6E436 /* CDVGestureHandler.h in Headers */ = {isa = PBXBuildFile; fileRef = 0D5CFD3B212C275E00C6E436 /* CDVGestureHandler.h */; };
		0D5CFD51212C275E00C6E436 /* CDVGestureHandler.m in Sources */ = {isa = PBXBuildFile; fileRef = 0D5CFD3C212C275E00C6E436 /* CDVGestureHandler.m */; };
		0D5CFD52212C275E00C6E436 /* CDVGestureHandler.m in Sources */ = {isa = PBXBuildFile; fileRef = 0D5CFD3C212C275E00C6E436 /* CDVGestureHandler.m */; };
		0D5CFD53212C275E00C6E436 /* CDVIntentAndNavigationFilter.m in Sources */ = {isa = PBXBuildFile; fileRef = 0D5CFD3E212C275E00C6E436 /* CDVIntentAndNavigationFilter.m */; };
		0D5CFD54212C275E00C6E436 /* CDVIntentAndNavigationFilter.m in Sources */ = {isa = PBXBuildFile; fileRef = 0D5CFD3E212C275E00C6E436 /* CDVIntentAndNavigationFilter.m */; };
		0D5CFD55212C275E00C6E436 /* CDVIntentAndNavigationFilter.h in Headers */ = {isa = PBXBuildFile; fileRef = 0D5CFD3F212C275E00C6E436 /* CDVIntentAndNavigationFilter.h */; };
		0D5CFD56212C275E00C6E436 /* CDVHandleOpenURL.h in Headers */ = {isa = PBXBuildFile; fileRef = 0D5CFD41212C275E00C6E436 /* CDVHandleOpenURL.h */; };
		0D5CFD57212C275E00C6E436 /* CDVHandleOpenURL.m in Sources */ = {isa = PBXBuildFile; fileRef = 0D5CFD42212C275E00C6E436 /* CDVHandleOpenURL.m */; };
		0D5CFD58212C275E00C6E436 /* CDVHandleOpenURL.m in Sources */ = {isa = PBXBuildFile; fileRef = 0D5CFD42212C275E00C6E436 /* CDVHandleOpenURL.m */; };
		0D5CFD59212C275E00C6E436 /* CDVLogger.h in Headers */ = {isa = PBXBuildFile; fileRef = 0D5CFD44212C275E00C6E436 /* CDVLogger.h */; };
		0D5CFD5A212C275E00C6E436 /* CDVLogger.m in Sources */ = {isa = PBXBuildFile; fileRef = 0D5CFD45212C275E00C6E436 /* CDVLogger.m */; };
		0D5CFD5B212C275E00C6E436 /* CDVLogger.m in Sources */ = {isa = PBXBuildFile; fileRef = 0D5CFD45212C275E00C6E436 /* CDVLogger.m */; };
		0D5CFD5C212C275E00C6E436 /* CDVLocalStorage.m in Sources */ = {isa = PBXBuildFile; fileRef = 0D5CFD47212C275E00C6E436 /* CDVLocalStorage.m */; };
		0D5CFD5D212C275E00C6E436 /* CDVLocalStorage.m in Sources */ = {isa = PBXBuildFile; fileRef = 0D5CFD47212C275E00C6E436 /* CDVLocalStorage.m */; };
		0D5CFD5E212C275E00C6E436 /* CDVLocalStorage.h in Headers */ = {isa = PBXBuildFile; fileRef = 0D5CFD48212C275E00C6E436 /* CDVLocalStorage.h */; };
		0D5CFD5F212C275E00C6E436 /* CDVUIWebViewNavigationDelegate.h in Headers */ = {isa = PBXBuildFile; fileRef = 0D5CFD4A212C275E00C6E436 /* CDVUIWebViewNavigationDelegate.h */; };
		0D5CFD60212C275E00C6E436 /* CDVUIWebViewDelegate.m in Sources */ = {isa = PBXBuildFile; fileRef = 0D5CFD4B212C275E00C6E436 /* CDVUIWebViewDelegate.m */; };
		0D5CFD61212C275E00C6E436 /* CDVUIWebViewDelegate.m in Sources */ = {isa = PBXBuildFile; fileRef = 0D5CFD4B212C275E00C6E436 /* CDVUIWebViewDelegate.m */; };
		0D5CFD62212C275E00C6E436 /* CDVUIWebViewEngine.h in Headers */ = {isa = PBXBuildFile; fileRef = 0D5CFD4C212C275E00C6E436 /* CDVUIWebViewEngine.h */; };
		0D5CFD63212C275E00C6E436 /* CDVUIWebViewNavigationDelegate.m in Sources */ = {isa = PBXBuildFile; fileRef = 0D5CFD4D212C275E00C6E436 /* CDVUIWebViewNavigationDelegate.m */; };
		0D5CFD64212C275E00C6E436 /* CDVUIWebViewNavigationDelegate.m in Sources */ = {isa = PBXBuildFile; fileRef = 0D5CFD4D212C275E00C6E436 /* CDVUIWebViewNavigationDelegate.m */; };
		0D5CFD65212C275E00C6E436 /* CDVUIWebViewDelegate.h in Headers */ = {isa = PBXBuildFile; fileRef = 0D5CFD4E212C275E00C6E436 /* CDVUIWebViewDelegate.h */; };
		0D5CFD66212C275E00C6E436 /* CDVUIWebViewEngine.m in Sources */ = {isa = PBXBuildFile; fileRef = 0D5CFD4F212C275E00C6E436 /* CDVUIWebViewEngine.m */; };
		0D5CFD67212C275E00C6E436 /* CDVUIWebViewEngine.m in Sources */ = {isa = PBXBuildFile; fileRef = 0D5CFD4F212C275E00C6E436 /* CDVUIWebViewEngine.m */; };
		0D884A0921145E510066C765 /* SitumSDK.framework in Frameworks */ = {isa = PBXBuildFile; fileRef = 0D884A0821145E510066C765 /* SitumSDK.framework */; };
		0D884A1321145F820066C765 /* libCordova.a in Frameworks */ = {isa = PBXBuildFile; fileRef = 68A32D7114102E1C006B237C /* libCordova.a */; };
		0D884A202114634E0066C765 /* SitumCreatorTests.m in Sources */ = {isa = PBXBuildFile; fileRef = 0D884A1B2114634D0066C765 /* SitumCreatorTests.m */; };
		0D884A222114634E0066C765 /* TestingHelper.m in Sources */ = {isa = PBXBuildFile; fileRef = 0D884A1D2114634E0066C765 /* TestingHelper.m */; };
		0D884A232114644C0066C765 /* SitumSDK.framework in Frameworks */ = {isa = PBXBuildFile; fileRef = 0D884A0821145E510066C765 /* SitumSDK.framework */; };
		0D884E7D2116FAA20066C765 /* resources in Resources */ = {isa = PBXBuildFile; fileRef = 0D884E7C2116FAA20066C765 /* resources */; };
		0D884E832117012F0066C765 /* resources in Resources */ = {isa = PBXBuildFile; fileRef = 0D884E7C2116FAA20066C765 /* resources */; };
		0D884E87211708900066C765 /* Info.plist in Resources */ = {isa = PBXBuildFile; fileRef = 0D884A1221145F820066C765 /* Info.plist */; };
		0D884E88211708900066C765 /* Info.plist in Resources */ = {isa = PBXBuildFile; fileRef = 0D884A1221145F820066C765 /* Info.plist */; };
		0DF4AB1721143D5800D81A31 /* AppDelegate.h in Headers */ = {isa = PBXBuildFile; fileRef = 0DF4AB0621143D5700D81A31 /* AppDelegate.h */; };
		0DF4AB1821143D5800D81A31 /* AppDelegate.m in Sources */ = {isa = PBXBuildFile; fileRef = 0DF4AB0721143D5700D81A31 /* AppDelegate.m */; };
		0DF4AB1921143D5800D81A31 /* main.m in Sources */ = {isa = PBXBuildFile; fileRef = 0DF4AB0E21143D5700D81A31 /* main.m */; };
		0DF4AB1A21143D5800D81A31 /* situmcordovaplugin.xcdatamodeld in Sources */ = {isa = PBXBuildFile; fileRef = 0DF4AB0F21143D5700D81A31 /* situmcordovaplugin.xcdatamodeld */; };
		0DF4AB1B21143D5800D81A31 /* SitumLocationWrapper.h in Headers */ = {isa = PBXBuildFile; fileRef = 0DF4AB1121143D5700D81A31 /* SitumLocationWrapper.h */; };
		0DF4AB1C21143D5800D81A31 /* SitumLocationWrapper.m in Sources */ = {isa = PBXBuildFile; fileRef = 0DF4AB1221143D5700D81A31 /* SitumLocationWrapper.m */; };
		0DF4AB1D21143D5800D81A31 /* SitumPlugin.h in Headers */ = {isa = PBXBuildFile; fileRef = 0DF4AB1321143D5700D81A31 /* SitumPlugin.h */; };
		0DF4AB1E21143D5800D81A31 /* SitumPlugin.m in Sources */ = {isa = PBXBuildFile; fileRef = 0DF4AB1421143D5700D81A31 /* SitumPlugin.m */; };
		0DF4AB1F21143D5800D81A31 /* ViewController.h in Headers */ = {isa = PBXBuildFile; fileRef = 0DF4AB1521143D5700D81A31 /* ViewController.h */; };
		0DF4AB2021143D5800D81A31 /* ViewController.m in Sources */ = {isa = PBXBuildFile; fileRef = 0DF4AB1621143D5700D81A31 /* ViewController.m */; };
		3A4011372153B0D500AC3BD5 /* InputCoordinateTests.m in Sources */ = {isa = PBXBuildFile; fileRef = 3A4011362153B0D500AC3BD5 /* InputCoordinateTests.m */; };
		3A4011392153B24400AC3BD5 /* InputLocationTests.m in Sources */ = {isa = PBXBuildFile; fileRef = 3A4011382153B24400AC3BD5 /* InputLocationTests.m */; };
		3A4D721721525B970038ED55 /* InputPointTests.m in Sources */ = {isa = PBXBuildFile; fileRef = 3A4D721621525B970038ED55 /* InputPointTests.m */; };
		3A4D721B215276660038ED55 /* InputCartesianCoordinateTests.m in Sources */ = {isa = PBXBuildFile; fileRef = 3A4D721A215276660038ED55 /* InputCartesianCoordinateTests.m */; };
		7ED95D021AB9028C008C4574 /* CDVDebug.h in Headers */ = {isa = PBXBuildFile; fileRef = 7ED95CF21AB9028C008C4574 /* CDVDebug.h */; };
		7ED95D031AB9028C008C4574 /* CDVJSON_private.h in Headers */ = {isa = PBXBuildFile; fileRef = 7ED95CF31AB9028C008C4574 /* CDVJSON_private.h */; };
		7ED95D041AB9028C008C4574 /* CDVJSON_private.m in Sources */ = {isa = PBXBuildFile; fileRef = 7ED95CF41AB9028C008C4574 /* CDVJSON_private.m */; };
		7ED95D051AB9028C008C4574 /* CDVPlugin+Private.h in Headers */ = {isa = PBXBuildFile; fileRef = 7ED95CF51AB9028C008C4574 /* CDVPlugin+Private.h */; };
		7ED95D351AB9029B008C4574 /* CDV.h in Headers */ = {isa = PBXBuildFile; fileRef = 7ED95D0F1AB9029B008C4574 /* CDV.h */; settings = {ATTRIBUTES = (Public, ); }; };
		7ED95D361AB9029B008C4574 /* CDVAppDelegate.h in Headers */ = {isa = PBXBuildFile; fileRef = 7ED95D101AB9029B008C4574 /* CDVAppDelegate.h */; settings = {ATTRIBUTES = (Public, ); }; };
		7ED95D371AB9029B008C4574 /* CDVAppDelegate.m in Sources */ = {isa = PBXBuildFile; fileRef = 7ED95D111AB9029B008C4574 /* CDVAppDelegate.m */; };
		7ED95D381AB9029B008C4574 /* CDVAvailability.h in Headers */ = {isa = PBXBuildFile; fileRef = 7ED95D121AB9029B008C4574 /* CDVAvailability.h */; settings = {ATTRIBUTES = (Public, ); }; };
		7ED95D391AB9029B008C4574 /* CDVAvailabilityDeprecated.h in Headers */ = {isa = PBXBuildFile; fileRef = 7ED95D131AB9029B008C4574 /* CDVAvailabilityDeprecated.h */; settings = {ATTRIBUTES = (Public, ); }; };
		7ED95D3A1AB9029B008C4574 /* CDVCommandDelegate.h in Headers */ = {isa = PBXBuildFile; fileRef = 7ED95D141AB9029B008C4574 /* CDVCommandDelegate.h */; settings = {ATTRIBUTES = (Public, ); }; };
		7ED95D3B1AB9029B008C4574 /* CDVCommandDelegateImpl.h in Headers */ = {isa = PBXBuildFile; fileRef = 7ED95D151AB9029B008C4574 /* CDVCommandDelegateImpl.h */; settings = {ATTRIBUTES = (Public, ); }; };
		7ED95D3C1AB9029B008C4574 /* CDVCommandDelegateImpl.m in Sources */ = {isa = PBXBuildFile; fileRef = 7ED95D161AB9029B008C4574 /* CDVCommandDelegateImpl.m */; };
		7ED95D3D1AB9029B008C4574 /* CDVCommandQueue.h in Headers */ = {isa = PBXBuildFile; fileRef = 7ED95D171AB9029B008C4574 /* CDVCommandQueue.h */; settings = {ATTRIBUTES = (Public, ); }; };
		7ED95D3E1AB9029B008C4574 /* CDVCommandQueue.m in Sources */ = {isa = PBXBuildFile; fileRef = 7ED95D181AB9029B008C4574 /* CDVCommandQueue.m */; };
		7ED95D3F1AB9029B008C4574 /* CDVConfigParser.h in Headers */ = {isa = PBXBuildFile; fileRef = 7ED95D191AB9029B008C4574 /* CDVConfigParser.h */; settings = {ATTRIBUTES = (Public, ); }; };
		7ED95D401AB9029B008C4574 /* CDVConfigParser.m in Sources */ = {isa = PBXBuildFile; fileRef = 7ED95D1A1AB9029B008C4574 /* CDVConfigParser.m */; };
		7ED95D411AB9029B008C4574 /* CDVInvokedUrlCommand.h in Headers */ = {isa = PBXBuildFile; fileRef = 7ED95D1B1AB9029B008C4574 /* CDVInvokedUrlCommand.h */; settings = {ATTRIBUTES = (Public, ); }; };
		7ED95D421AB9029B008C4574 /* CDVInvokedUrlCommand.m in Sources */ = {isa = PBXBuildFile; fileRef = 7ED95D1C1AB9029B008C4574 /* CDVInvokedUrlCommand.m */; };
		7ED95D431AB9029B008C4574 /* CDVPlugin+Resources.h in Headers */ = {isa = PBXBuildFile; fileRef = 7ED95D1D1AB9029B008C4574 /* CDVPlugin+Resources.h */; settings = {ATTRIBUTES = (Public, ); }; };
		7ED95D441AB9029B008C4574 /* CDVPlugin+Resources.m in Sources */ = {isa = PBXBuildFile; fileRef = 7ED95D1E1AB9029B008C4574 /* CDVPlugin+Resources.m */; };
		7ED95D451AB9029B008C4574 /* CDVPlugin.h in Headers */ = {isa = PBXBuildFile; fileRef = 7ED95D1F1AB9029B008C4574 /* CDVPlugin.h */; settings = {ATTRIBUTES = (Public, ); }; };
		7ED95D461AB9029B008C4574 /* CDVPlugin.m in Sources */ = {isa = PBXBuildFile; fileRef = 7ED95D201AB9029B008C4574 /* CDVPlugin.m */; };
		7ED95D471AB9029B008C4574 /* CDVPluginResult.h in Headers */ = {isa = PBXBuildFile; fileRef = 7ED95D211AB9029B008C4574 /* CDVPluginResult.h */; settings = {ATTRIBUTES = (Public, ); }; };
		7ED95D481AB9029B008C4574 /* CDVPluginResult.m in Sources */ = {isa = PBXBuildFile; fileRef = 7ED95D221AB9029B008C4574 /* CDVPluginResult.m */; };
		7ED95D491AB9029B008C4574 /* CDVScreenOrientationDelegate.h in Headers */ = {isa = PBXBuildFile; fileRef = 7ED95D231AB9029B008C4574 /* CDVScreenOrientationDelegate.h */; settings = {ATTRIBUTES = (Public, ); }; };
		7ED95D4A1AB9029B008C4574 /* CDVTimer.h in Headers */ = {isa = PBXBuildFile; fileRef = 7ED95D241AB9029B008C4574 /* CDVTimer.h */; settings = {ATTRIBUTES = (Public, ); }; };
		7ED95D4B1AB9029B008C4574 /* CDVTimer.m in Sources */ = {isa = PBXBuildFile; fileRef = 7ED95D251AB9029B008C4574 /* CDVTimer.m */; };
		7ED95D4C1AB9029B008C4574 /* CDVURLProtocol.h in Headers */ = {isa = PBXBuildFile; fileRef = 7ED95D261AB9029B008C4574 /* CDVURLProtocol.h */; settings = {ATTRIBUTES = (Public, ); }; };
		7ED95D4D1AB9029B008C4574 /* CDVURLProtocol.m in Sources */ = {isa = PBXBuildFile; fileRef = 7ED95D271AB9029B008C4574 /* CDVURLProtocol.m */; };
		7ED95D4E1AB9029B008C4574 /* CDVUserAgentUtil.h in Headers */ = {isa = PBXBuildFile; fileRef = 7ED95D281AB9029B008C4574 /* CDVUserAgentUtil.h */; settings = {ATTRIBUTES = (Public, ); }; };
		7ED95D4F1AB9029B008C4574 /* CDVUserAgentUtil.m in Sources */ = {isa = PBXBuildFile; fileRef = 7ED95D291AB9029B008C4574 /* CDVUserAgentUtil.m */; };
		7ED95D501AB9029B008C4574 /* CDVViewController.h in Headers */ = {isa = PBXBuildFile; fileRef = 7ED95D2A1AB9029B008C4574 /* CDVViewController.h */; settings = {ATTRIBUTES = (Public, ); }; };
		7ED95D511AB9029B008C4574 /* CDVViewController.m in Sources */ = {isa = PBXBuildFile; fileRef = 7ED95D2B1AB9029B008C4574 /* CDVViewController.m */; };
		7ED95D521AB9029B008C4574 /* CDVWebViewEngineProtocol.h in Headers */ = {isa = PBXBuildFile; fileRef = 7ED95D2C1AB9029B008C4574 /* CDVWebViewEngineProtocol.h */; settings = {ATTRIBUTES = (Public, ); }; };
		7ED95D531AB9029B008C4574 /* CDVWhitelist.h in Headers */ = {isa = PBXBuildFile; fileRef = 7ED95D2D1AB9029B008C4574 /* CDVWhitelist.h */; settings = {ATTRIBUTES = (Public, ); }; };
		7ED95D541AB9029B008C4574 /* CDVWhitelist.m in Sources */ = {isa = PBXBuildFile; fileRef = 7ED95D2E1AB9029B008C4574 /* CDVWhitelist.m */; };
		7ED95D571AB9029B008C4574 /* NSDictionary+CordovaPreferences.h in Headers */ = {isa = PBXBuildFile; fileRef = 7ED95D311AB9029B008C4574 /* NSDictionary+CordovaPreferences.h */; settings = {ATTRIBUTES = (Public, ); }; };
		7ED95D581AB9029B008C4574 /* NSDictionary+CordovaPreferences.m in Sources */ = {isa = PBXBuildFile; fileRef = 7ED95D321AB9029B008C4574 /* NSDictionary+CordovaPreferences.m */; };
		7ED95D591AB9029B008C4574 /* NSMutableArray+QueueAdditions.h in Headers */ = {isa = PBXBuildFile; fileRef = 7ED95D331AB9029B008C4574 /* NSMutableArray+QueueAdditions.h */; settings = {ATTRIBUTES = (Public, ); }; };
		7ED95D5A1AB9029B008C4574 /* NSMutableArray+QueueAdditions.m in Sources */ = {isa = PBXBuildFile; fileRef = 7ED95D341AB9029B008C4574 /* NSMutableArray+QueueAdditions.m */; };
		954995F0214F8BBB007F3C28 /* Constants.h in Headers */ = {isa = PBXBuildFile; fileRef = 954995EE214F8BBB007F3C28 /* Constants.h */; };
		954995F1214F8BBB007F3C28 /* Constants.m in Sources */ = {isa = PBXBuildFile; fileRef = 954995EF214F8BBB007F3C28 /* Constants.m */; };
		954995F2214F8BBB007F3C28 /* Constants.m in Sources */ = {isa = PBXBuildFile; fileRef = 954995EF214F8BBB007F3C28 /* Constants.m */; };
		954995F8214FACD8007F3C28 /* PoiCategoryIconTests.m in Sources */ = {isa = PBXBuildFile; fileRef = 954995F7214FACD8007F3C28 /* PoiCategoryIconTests.m */; };
		95B14A2B214A402E0073A9E1 /* PointTests.m in Sources */ = {isa = PBXBuildFile; fileRef = 95B14A2A214A402E0073A9E1 /* PointTests.m */; };
		95B14A2D214A44800073A9E1 /* AngleTests.m in Sources */ = {isa = PBXBuildFile; fileRef = 95B14A2C214A44800073A9E1 /* AngleTests.m */; };
		95B14A2F214A45B10073A9E1 /* BoundTests.m in Sources */ = {isa = PBXBuildFile; fileRef = 95B14A2E214A45B10073A9E1 /* BoundTests.m */; };
		95B14A33214A46E20073A9E1 /* CartesianCoordinateTests.m in Sources */ = {isa = PBXBuildFile; fileRef = 95B14A32214A46E20073A9E1 /* CartesianCoordinateTests.m */; };
		95B14A35214A476B0073A9E1 /* CoordinateTests.m in Sources */ = {isa = PBXBuildFile; fileRef = 95B14A34214A476B0073A9E1 /* CoordinateTests.m */; };
		95B14A37214A47D20073A9E1 /* DimensionTests.m in Sources */ = {isa = PBXBuildFile; fileRef = 95B14A36214A47D20073A9E1 /* DimensionTests.m */; };
		95B14A39214A488F0073A9E1 /* EventTests.m in Sources */ = {isa = PBXBuildFile; fileRef = 95B14A38214A488F0073A9E1 /* EventTests.m */; };
		95B14A3B214A48F80073A9E1 /* FloorTests.m in Sources */ = {isa = PBXBuildFile; fileRef = 95B14A3A214A48F80073A9E1 /* FloorTests.m */; };
		95B14A3D214A49B30073A9E1 /* indicationTests.m in Sources */ = {isa = PBXBuildFile; fileRef = 95B14A3C214A49B30073A9E1 /* indicationTests.m */; };
		95B14A3F214A4AED0073A9E1 /* LocationTests.m in Sources */ = {isa = PBXBuildFile; fileRef = 95B14A3E214A4AED0073A9E1 /* LocationTests.m */; };
		95B14A41214A4CF20073A9E1 /* LocationStatusTests.m in Sources */ = {isa = PBXBuildFile; fileRef = 95B14A40214A4CF20073A9E1 /* LocationStatusTests.m */; };
		95B14A43214A4E550073A9E1 /* NavigationProgressTests.m in Sources */ = {isa = PBXBuildFile; fileRef = 95B14A42214A4E550073A9E1 /* NavigationProgressTests.m */; };
		95B14A45214A50E60073A9E1 /* PoiCategoryTests.m in Sources */ = {isa = PBXBuildFile; fileRef = 95B14A44214A50E60073A9E1 /* PoiCategoryTests.m */; };
		95B14A47214A51BA0073A9E1 /* RouteTests.m in Sources */ = {isa = PBXBuildFile; fileRef = 95B14A46214A51BA0073A9E1 /* RouteTests.m */; };
		95B14A49214A535A0073A9E1 /* RouteStepTests.m in Sources */ = {isa = PBXBuildFile; fileRef = 95B14A48214A535A0073A9E1 /* RouteStepTests.m */; };
		95B14A4B214A54CA0073A9E1 /* ConversionAreaTests.m in Sources */ = {isa = PBXBuildFile; fileRef = 95B14A4A214A54CA0073A9E1 /* ConversionAreaTests.m */; };
		95B14A4D214A56CE0073A9E1 /* BuildingTests.m in Sources */ = {isa = PBXBuildFile; fileRef = 95B14A4C214A56CE0073A9E1 /* BuildingTests.m */; };
		95D33B49214B9680000E073E /* PoiTests.m in Sources */ = {isa = PBXBuildFile; fileRef = 95D33B48214B9680000E073E /* PoiTests.m */; };
		C0C01EB61E3911D50056E6CB /* Cordova.h in Headers */ = {isa = PBXBuildFile; fileRef = C0C01EB41E3911D50056E6CB /* Cordova.h */; settings = {ATTRIBUTES = (Public, ); }; };
		C0C01EBA1E39120F0056E6CB /* libCordova.a in Frameworks */ = {isa = PBXBuildFile; fileRef = 68A32D7114102E1C006B237C /* libCordova.a */; };
		C0C01EBB1E39131A0056E6CB /* CDV.h in Headers */ = {isa = PBXBuildFile; fileRef = 7ED95D0F1AB9029B008C4574 /* CDV.h */; settings = {ATTRIBUTES = (Public, ); }; };
		C0C01EBC1E39131A0056E6CB /* CDVAppDelegate.h in Headers */ = {isa = PBXBuildFile; fileRef = 7ED95D101AB9029B008C4574 /* CDVAppDelegate.h */; settings = {ATTRIBUTES = (Public, ); }; };
		C0C01EBD1E39131A0056E6CB /* CDVAvailability.h in Headers */ = {isa = PBXBuildFile; fileRef = 7ED95D121AB9029B008C4574 /* CDVAvailability.h */; settings = {ATTRIBUTES = (Public, ); }; };
		C0C01EBE1E39131A0056E6CB /* CDVAvailabilityDeprecated.h in Headers */ = {isa = PBXBuildFile; fileRef = 7ED95D131AB9029B008C4574 /* CDVAvailabilityDeprecated.h */; settings = {ATTRIBUTES = (Public, ); }; };
		C0C01EBF1E39131A0056E6CB /* CDVCommandDelegate.h in Headers */ = {isa = PBXBuildFile; fileRef = 7ED95D141AB9029B008C4574 /* CDVCommandDelegate.h */; settings = {ATTRIBUTES = (Public, ); }; };
		C0C01EC01E39131A0056E6CB /* CDVCommandDelegateImpl.h in Headers */ = {isa = PBXBuildFile; fileRef = 7ED95D151AB9029B008C4574 /* CDVCommandDelegateImpl.h */; settings = {ATTRIBUTES = (Public, ); }; };
		C0C01EC11E39131A0056E6CB /* CDVCommandQueue.h in Headers */ = {isa = PBXBuildFile; fileRef = 7ED95D171AB9029B008C4574 /* CDVCommandQueue.h */; settings = {ATTRIBUTES = (Public, ); }; };
		C0C01EC21E39131A0056E6CB /* CDVConfigParser.h in Headers */ = {isa = PBXBuildFile; fileRef = 7ED95D191AB9029B008C4574 /* CDVConfigParser.h */; settings = {ATTRIBUTES = (Public, ); }; };
		C0C01EC31E39131A0056E6CB /* CDVInvokedUrlCommand.h in Headers */ = {isa = PBXBuildFile; fileRef = 7ED95D1B1AB9029B008C4574 /* CDVInvokedUrlCommand.h */; settings = {ATTRIBUTES = (Public, ); }; };
		C0C01EC41E39131A0056E6CB /* CDVPlugin+Resources.h in Headers */ = {isa = PBXBuildFile; fileRef = 7ED95D1D1AB9029B008C4574 /* CDVPlugin+Resources.h */; settings = {ATTRIBUTES = (Public, ); }; };
		C0C01EC51E39131A0056E6CB /* CDVPlugin.h in Headers */ = {isa = PBXBuildFile; fileRef = 7ED95D1F1AB9029B008C4574 /* CDVPlugin.h */; settings = {ATTRIBUTES = (Public, ); }; };
		C0C01EC61E39131A0056E6CB /* CDVPluginResult.h in Headers */ = {isa = PBXBuildFile; fileRef = 7ED95D211AB9029B008C4574 /* CDVPluginResult.h */; settings = {ATTRIBUTES = (Public, ); }; };
		C0C01EC71E39131A0056E6CB /* CDVScreenOrientationDelegate.h in Headers */ = {isa = PBXBuildFile; fileRef = 7ED95D231AB9029B008C4574 /* CDVScreenOrientationDelegate.h */; settings = {ATTRIBUTES = (Public, ); }; };
		C0C01EC81E39131A0056E6CB /* CDVTimer.h in Headers */ = {isa = PBXBuildFile; fileRef = 7ED95D241AB9029B008C4574 /* CDVTimer.h */; settings = {ATTRIBUTES = (Public, ); }; };
		C0C01EC91E39131A0056E6CB /* CDVURLProtocol.h in Headers */ = {isa = PBXBuildFile; fileRef = 7ED95D261AB9029B008C4574 /* CDVURLProtocol.h */; settings = {ATTRIBUTES = (Public, ); }; };
		C0C01ECA1E39131A0056E6CB /* CDVUserAgentUtil.h in Headers */ = {isa = PBXBuildFile; fileRef = 7ED95D281AB9029B008C4574 /* CDVUserAgentUtil.h */; settings = {ATTRIBUTES = (Public, ); }; };
		C0C01ECB1E39131A0056E6CB /* CDVViewController.h in Headers */ = {isa = PBXBuildFile; fileRef = 7ED95D2A1AB9029B008C4574 /* CDVViewController.h */; settings = {ATTRIBUTES = (Public, ); }; };
		C0C01ECC1E39131A0056E6CB /* CDVWebViewEngineProtocol.h in Headers */ = {isa = PBXBuildFile; fileRef = 7ED95D2C1AB9029B008C4574 /* CDVWebViewEngineProtocol.h */; settings = {ATTRIBUTES = (Public, ); }; };
		C0C01ECD1E39131A0056E6CB /* CDVWhitelist.h in Headers */ = {isa = PBXBuildFile; fileRef = 7ED95D2D1AB9029B008C4574 /* CDVWhitelist.h */; settings = {ATTRIBUTES = (Public, ); }; };
		C0C01ECE1E39131A0056E6CB /* NSDictionary+CordovaPreferences.h in Headers */ = {isa = PBXBuildFile; fileRef = 7ED95D311AB9029B008C4574 /* NSDictionary+CordovaPreferences.h */; settings = {ATTRIBUTES = (Public, ); }; };
		C0C01ECF1E39131A0056E6CB /* NSMutableArray+QueueAdditions.h in Headers */ = {isa = PBXBuildFile; fileRef = 7ED95D331AB9029B008C4574 /* NSMutableArray+QueueAdditions.h */; settings = {ATTRIBUTES = (Public, ); }; };
/* End PBXBuildFile section */

/* Begin PBXContainerItemProxy section */
		0D884A1421145F820066C765 /* PBXContainerItemProxy */ = {
			isa = PBXContainerItemProxy;
			containerPortal = 0867D690FE84028FC02AAC07 /* Project object */;
			proxyType = 1;
			remoteGlobalIDString = D2AAC07D0554694100DB518D;
			remoteInfo = SitumCordovaPlugin;
		};
		C0C01ED11E39137C0056E6CB /* PBXContainerItemProxy */ = {
			isa = PBXContainerItemProxy;
			containerPortal = 0867D690FE84028FC02AAC07 /* Project object */;
			proxyType = 1;
			remoteGlobalIDString = D2AAC07D0554694100DB518D;
			remoteInfo = CordovaLib;
		};
/* End PBXContainerItemProxy section */

/* Begin PBXFileReference section */
		0D5CFD3B212C275E00C6E436 /* CDVGestureHandler.h */ = {isa = PBXFileReference; fileEncoding = 4; lastKnownFileType = sourcecode.c.h; path = CDVGestureHandler.h; sourceTree = "<group>"; };
		0D5CFD3C212C275E00C6E436 /* CDVGestureHandler.m */ = {isa = PBXFileReference; fileEncoding = 4; lastKnownFileType = sourcecode.c.objc; path = CDVGestureHandler.m; sourceTree = "<group>"; };
		0D5CFD3E212C275E00C6E436 /* CDVIntentAndNavigationFilter.m */ = {isa = PBXFileReference; fileEncoding = 4; lastKnownFileType = sourcecode.c.objc; path = CDVIntentAndNavigationFilter.m; sourceTree = "<group>"; };
		0D5CFD3F212C275E00C6E436 /* CDVIntentAndNavigationFilter.h */ = {isa = PBXFileReference; fileEncoding = 4; lastKnownFileType = sourcecode.c.h; path = CDVIntentAndNavigationFilter.h; sourceTree = "<group>"; };
		0D5CFD41212C275E00C6E436 /* CDVHandleOpenURL.h */ = {isa = PBXFileReference; fileEncoding = 4; lastKnownFileType = sourcecode.c.h; path = CDVHandleOpenURL.h; sourceTree = "<group>"; };
		0D5CFD42212C275E00C6E436 /* CDVHandleOpenURL.m */ = {isa = PBXFileReference; fileEncoding = 4; lastKnownFileType = sourcecode.c.objc; path = CDVHandleOpenURL.m; sourceTree = "<group>"; };
		0D5CFD44212C275E00C6E436 /* CDVLogger.h */ = {isa = PBXFileReference; fileEncoding = 4; lastKnownFileType = sourcecode.c.h; path = CDVLogger.h; sourceTree = "<group>"; };
		0D5CFD45212C275E00C6E436 /* CDVLogger.m */ = {isa = PBXFileReference; fileEncoding = 4; lastKnownFileType = sourcecode.c.objc; path = CDVLogger.m; sourceTree = "<group>"; };
		0D5CFD47212C275E00C6E436 /* CDVLocalStorage.m */ = {isa = PBXFileReference; fileEncoding = 4; lastKnownFileType = sourcecode.c.objc; path = CDVLocalStorage.m; sourceTree = "<group>"; };
		0D5CFD48212C275E00C6E436 /* CDVLocalStorage.h */ = {isa = PBXFileReference; fileEncoding = 4; lastKnownFileType = sourcecode.c.h; path = CDVLocalStorage.h; sourceTree = "<group>"; };
		0D5CFD4A212C275E00C6E436 /* CDVUIWebViewNavigationDelegate.h */ = {isa = PBXFileReference; fileEncoding = 4; lastKnownFileType = sourcecode.c.h; path = CDVUIWebViewNavigationDelegate.h; sourceTree = "<group>"; };
		0D5CFD4B212C275E00C6E436 /* CDVUIWebViewDelegate.m */ = {isa = PBXFileReference; fileEncoding = 4; lastKnownFileType = sourcecode.c.objc; path = CDVUIWebViewDelegate.m; sourceTree = "<group>"; };
		0D5CFD4C212C275E00C6E436 /* CDVUIWebViewEngine.h */ = {isa = PBXFileReference; fileEncoding = 4; lastKnownFileType = sourcecode.c.h; path = CDVUIWebViewEngine.h; sourceTree = "<group>"; };
		0D5CFD4D212C275E00C6E436 /* CDVUIWebViewNavigationDelegate.m */ = {isa = PBXFileReference; fileEncoding = 4; lastKnownFileType = sourcecode.c.objc; path = CDVUIWebViewNavigationDelegate.m; sourceTree = "<group>"; };
		0D5CFD4E212C275E00C6E436 /* CDVUIWebViewDelegate.h */ = {isa = PBXFileReference; fileEncoding = 4; lastKnownFileType = sourcecode.c.h; path = CDVUIWebViewDelegate.h; sourceTree = "<group>"; };
		0D5CFD4F212C275E00C6E436 /* CDVUIWebViewEngine.m */ = {isa = PBXFileReference; fileEncoding = 4; lastKnownFileType = sourcecode.c.objc; path = CDVUIWebViewEngine.m; sourceTree = "<group>"; };
		0D884A0821145E510066C765 /* SitumSDK.framework */ = {isa = PBXFileReference; lastKnownFileType = wrapper.framework; path = SitumSDK.framework; sourceTree = "<group>"; };
		0D884A0E21145F820066C765 /* situmcordovaplugintests.xctest */ = {isa = PBXFileReference; explicitFileType = wrapper.cfbundle; includeInIndex = 0; path = situmcordovaplugintests.xctest; sourceTree = BUILT_PRODUCTS_DIR; };
		0D884A1221145F820066C765 /* Info.plist */ = {isa = PBXFileReference; lastKnownFileType = text.plist.xml; path = Info.plist; sourceTree = "<group>"; };
		0D884A192114634D0066C765 /* SitumCreatorTests.h */ = {isa = PBXFileReference; fileEncoding = 4; lastKnownFileType = sourcecode.c.h; path = SitumCreatorTests.h; sourceTree = "<group>"; };
		0D884A1B2114634D0066C765 /* SitumCreatorTests.m */ = {isa = PBXFileReference; fileEncoding = 4; lastKnownFileType = sourcecode.c.objc; path = SitumCreatorTests.m; sourceTree = "<group>"; };
		0D884A1D2114634E0066C765 /* TestingHelper.m */ = {isa = PBXFileReference; fileEncoding = 4; lastKnownFileType = sourcecode.c.objc; path = TestingHelper.m; sourceTree = "<group>"; };
		0D884A1F2114634E0066C765 /* TestingHelper.h */ = {isa = PBXFileReference; fileEncoding = 4; lastKnownFileType = sourcecode.c.h; path = TestingHelper.h; sourceTree = "<group>"; };
		0D884E7C2116FAA20066C765 /* resources */ = {isa = PBXFileReference; lastKnownFileType = folder; path = resources; sourceTree = "<group>"; };
		0DF4AB0621143D5700D81A31 /* AppDelegate.h */ = {isa = PBXFileReference; fileEncoding = 4; lastKnownFileType = sourcecode.c.h; path = AppDelegate.h; sourceTree = "<group>"; };
		0DF4AB0721143D5700D81A31 /* AppDelegate.m */ = {isa = PBXFileReference; fileEncoding = 4; lastKnownFileType = sourcecode.c.objc; path = AppDelegate.m; sourceTree = "<group>"; };
		0DF4AB0821143D5700D81A31 /* Assets.xcassets */ = {isa = PBXFileReference; lastKnownFileType = folder.assetcatalog; path = Assets.xcassets; sourceTree = "<group>"; };
		0DF4AB0A21143D5700D81A31 /* Base */ = {isa = PBXFileReference; lastKnownFileType = file.storyboard; name = Base; path = Base.lproj/LaunchScreen.storyboard; sourceTree = "<group>"; };
		0DF4AB0C21143D5700D81A31 /* Base */ = {isa = PBXFileReference; lastKnownFileType = file.storyboard; name = Base; path = Base.lproj/Main.storyboard; sourceTree = "<group>"; };
		0DF4AB0D21143D5700D81A31 /* Info.plist */ = {isa = PBXFileReference; fileEncoding = 4; lastKnownFileType = text.plist.xml; path = Info.plist; sourceTree = "<group>"; };
		0DF4AB0E21143D5700D81A31 /* main.m */ = {isa = PBXFileReference; fileEncoding = 4; lastKnownFileType = sourcecode.c.objc; path = main.m; sourceTree = "<group>"; };
		0DF4AB1021143D5700D81A31 /* situmcordovaplugin.xcdatamodel */ = {isa = PBXFileReference; lastKnownFileType = wrapper.xcdatamodel; path = situmcordovaplugin.xcdatamodel; sourceTree = "<group>"; };
		0DF4AB1121143D5700D81A31 /* SitumLocationWrapper.h */ = {isa = PBXFileReference; fileEncoding = 4; lastKnownFileType = sourcecode.c.h; path = SitumLocationWrapper.h; sourceTree = "<group>"; };
		0DF4AB1221143D5700D81A31 /* SitumLocationWrapper.m */ = {isa = PBXFileReference; fileEncoding = 4; lastKnownFileType = sourcecode.c.objc; path = SitumLocationWrapper.m; sourceTree = "<group>"; };
		0DF4AB1321143D5700D81A31 /* SitumPlugin.h */ = {isa = PBXFileReference; fileEncoding = 4; lastKnownFileType = sourcecode.c.h; path = SitumPlugin.h; sourceTree = "<group>"; };
		0DF4AB1421143D5700D81A31 /* SitumPlugin.m */ = {isa = PBXFileReference; fileEncoding = 4; lastKnownFileType = sourcecode.c.objc; path = SitumPlugin.m; sourceTree = "<group>"; };
		0DF4AB1521143D5700D81A31 /* ViewController.h */ = {isa = PBXFileReference; fileEncoding = 4; lastKnownFileType = sourcecode.c.h; path = ViewController.h; sourceTree = "<group>"; };
		0DF4AB1621143D5700D81A31 /* ViewController.m */ = {isa = PBXFileReference; fileEncoding = 4; lastKnownFileType = sourcecode.c.objc; path = ViewController.m; sourceTree = "<group>"; };
		30325A0B136B343700982B63 /* VERSION */ = {isa = PBXFileReference; fileEncoding = 4; lastKnownFileType = text; path = VERSION; sourceTree = "<group>"; };
		3A4011362153B0D500AC3BD5 /* InputCoordinateTests.m */ = {isa = PBXFileReference; lastKnownFileType = sourcecode.c.objc; path = InputCoordinateTests.m; sourceTree = "<group>"; };
		3A4011382153B24400AC3BD5 /* InputLocationTests.m */ = {isa = PBXFileReference; lastKnownFileType = sourcecode.c.objc; path = InputLocationTests.m; sourceTree = "<group>"; };
		3A4D721621525B970038ED55 /* InputPointTests.m */ = {isa = PBXFileReference; lastKnownFileType = sourcecode.c.objc; path = InputPointTests.m; sourceTree = "<group>"; };
		3A4D721A215276660038ED55 /* InputCartesianCoordinateTests.m */ = {isa = PBXFileReference; lastKnownFileType = sourcecode.c.objc; path = InputCartesianCoordinateTests.m; sourceTree = "<group>"; };
		68A32D7114102E1C006B237C /* libCordova.a */ = {isa = PBXFileReference; explicitFileType = archive.ar; includeInIndex = 0; path = libCordova.a; sourceTree = BUILT_PRODUCTS_DIR; };
		7ED95CF21AB9028C008C4574 /* CDVDebug.h */ = {isa = PBXFileReference; fileEncoding = 4; lastKnownFileType = sourcecode.c.h; path = CDVDebug.h; sourceTree = "<group>"; };
		7ED95CF31AB9028C008C4574 /* CDVJSON_private.h */ = {isa = PBXFileReference; fileEncoding = 4; lastKnownFileType = sourcecode.c.h; path = CDVJSON_private.h; sourceTree = "<group>"; };
		7ED95CF41AB9028C008C4574 /* CDVJSON_private.m */ = {isa = PBXFileReference; fileEncoding = 4; lastKnownFileType = sourcecode.c.objc; path = CDVJSON_private.m; sourceTree = "<group>"; };
		7ED95CF51AB9028C008C4574 /* CDVPlugin+Private.h */ = {isa = PBXFileReference; fileEncoding = 4; lastKnownFileType = sourcecode.c.h; path = "CDVPlugin+Private.h"; sourceTree = "<group>"; };
		7ED95D0F1AB9029B008C4574 /* CDV.h */ = {isa = PBXFileReference; fileEncoding = 4; lastKnownFileType = sourcecode.c.h; path = CDV.h; sourceTree = "<group>"; };
		7ED95D101AB9029B008C4574 /* CDVAppDelegate.h */ = {isa = PBXFileReference; fileEncoding = 4; lastKnownFileType = sourcecode.c.h; path = CDVAppDelegate.h; sourceTree = "<group>"; };
		7ED95D111AB9029B008C4574 /* CDVAppDelegate.m */ = {isa = PBXFileReference; fileEncoding = 4; lastKnownFileType = sourcecode.c.objc; path = CDVAppDelegate.m; sourceTree = "<group>"; };
		7ED95D121AB9029B008C4574 /* CDVAvailability.h */ = {isa = PBXFileReference; fileEncoding = 4; lastKnownFileType = sourcecode.c.h; path = CDVAvailability.h; sourceTree = "<group>"; };
		7ED95D131AB9029B008C4574 /* CDVAvailabilityDeprecated.h */ = {isa = PBXFileReference; fileEncoding = 4; lastKnownFileType = sourcecode.c.h; path = CDVAvailabilityDeprecated.h; sourceTree = "<group>"; };
		7ED95D141AB9029B008C4574 /* CDVCommandDelegate.h */ = {isa = PBXFileReference; fileEncoding = 4; lastKnownFileType = sourcecode.c.h; path = CDVCommandDelegate.h; sourceTree = "<group>"; };
		7ED95D151AB9029B008C4574 /* CDVCommandDelegateImpl.h */ = {isa = PBXFileReference; fileEncoding = 4; lastKnownFileType = sourcecode.c.h; path = CDVCommandDelegateImpl.h; sourceTree = "<group>"; };
		7ED95D161AB9029B008C4574 /* CDVCommandDelegateImpl.m */ = {isa = PBXFileReference; fileEncoding = 4; lastKnownFileType = sourcecode.c.objc; path = CDVCommandDelegateImpl.m; sourceTree = "<group>"; };
		7ED95D171AB9029B008C4574 /* CDVCommandQueue.h */ = {isa = PBXFileReference; fileEncoding = 4; lastKnownFileType = sourcecode.c.h; path = CDVCommandQueue.h; sourceTree = "<group>"; };
		7ED95D181AB9029B008C4574 /* CDVCommandQueue.m */ = {isa = PBXFileReference; fileEncoding = 4; lastKnownFileType = sourcecode.c.objc; path = CDVCommandQueue.m; sourceTree = "<group>"; };
		7ED95D191AB9029B008C4574 /* CDVConfigParser.h */ = {isa = PBXFileReference; fileEncoding = 4; lastKnownFileType = sourcecode.c.h; path = CDVConfigParser.h; sourceTree = "<group>"; };
		7ED95D1A1AB9029B008C4574 /* CDVConfigParser.m */ = {isa = PBXFileReference; fileEncoding = 4; lastKnownFileType = sourcecode.c.objc; path = CDVConfigParser.m; sourceTree = "<group>"; };
		7ED95D1B1AB9029B008C4574 /* CDVInvokedUrlCommand.h */ = {isa = PBXFileReference; fileEncoding = 4; lastKnownFileType = sourcecode.c.h; path = CDVInvokedUrlCommand.h; sourceTree = "<group>"; };
		7ED95D1C1AB9029B008C4574 /* CDVInvokedUrlCommand.m */ = {isa = PBXFileReference; fileEncoding = 4; lastKnownFileType = sourcecode.c.objc; path = CDVInvokedUrlCommand.m; sourceTree = "<group>"; };
		7ED95D1D1AB9029B008C4574 /* CDVPlugin+Resources.h */ = {isa = PBXFileReference; fileEncoding = 4; lastKnownFileType = sourcecode.c.h; path = "CDVPlugin+Resources.h"; sourceTree = "<group>"; };
		7ED95D1E1AB9029B008C4574 /* CDVPlugin+Resources.m */ = {isa = PBXFileReference; fileEncoding = 4; lastKnownFileType = sourcecode.c.objc; path = "CDVPlugin+Resources.m"; sourceTree = "<group>"; };
		7ED95D1F1AB9029B008C4574 /* CDVPlugin.h */ = {isa = PBXFileReference; fileEncoding = 4; lastKnownFileType = sourcecode.c.h; path = CDVPlugin.h; sourceTree = "<group>"; };
		7ED95D201AB9029B008C4574 /* CDVPlugin.m */ = {isa = PBXFileReference; fileEncoding = 4; lastKnownFileType = sourcecode.c.objc; path = CDVPlugin.m; sourceTree = "<group>"; };
		7ED95D211AB9029B008C4574 /* CDVPluginResult.h */ = {isa = PBXFileReference; fileEncoding = 4; lastKnownFileType = sourcecode.c.h; path = CDVPluginResult.h; sourceTree = "<group>"; };
		7ED95D221AB9029B008C4574 /* CDVPluginResult.m */ = {isa = PBXFileReference; fileEncoding = 4; lastKnownFileType = sourcecode.c.objc; path = CDVPluginResult.m; sourceTree = "<group>"; };
		7ED95D231AB9029B008C4574 /* CDVScreenOrientationDelegate.h */ = {isa = PBXFileReference; fileEncoding = 4; lastKnownFileType = sourcecode.c.h; path = CDVScreenOrientationDelegate.h; sourceTree = "<group>"; };
		7ED95D241AB9029B008C4574 /* CDVTimer.h */ = {isa = PBXFileReference; fileEncoding = 4; lastKnownFileType = sourcecode.c.h; path = CDVTimer.h; sourceTree = "<group>"; };
		7ED95D251AB9029B008C4574 /* CDVTimer.m */ = {isa = PBXFileReference; fileEncoding = 4; lastKnownFileType = sourcecode.c.objc; path = CDVTimer.m; sourceTree = "<group>"; };
		7ED95D261AB9029B008C4574 /* CDVURLProtocol.h */ = {isa = PBXFileReference; fileEncoding = 4; lastKnownFileType = sourcecode.c.h; path = CDVURLProtocol.h; sourceTree = "<group>"; };
		7ED95D271AB9029B008C4574 /* CDVURLProtocol.m */ = {isa = PBXFileReference; fileEncoding = 4; lastKnownFileType = sourcecode.c.objc; path = CDVURLProtocol.m; sourceTree = "<group>"; };
		7ED95D281AB9029B008C4574 /* CDVUserAgentUtil.h */ = {isa = PBXFileReference; fileEncoding = 4; lastKnownFileType = sourcecode.c.h; path = CDVUserAgentUtil.h; sourceTree = "<group>"; };
		7ED95D291AB9029B008C4574 /* CDVUserAgentUtil.m */ = {isa = PBXFileReference; fileEncoding = 4; lastKnownFileType = sourcecode.c.objc; path = CDVUserAgentUtil.m; sourceTree = "<group>"; };
		7ED95D2A1AB9029B008C4574 /* CDVViewController.h */ = {isa = PBXFileReference; fileEncoding = 4; lastKnownFileType = sourcecode.c.h; path = CDVViewController.h; sourceTree = "<group>"; };
		7ED95D2B1AB9029B008C4574 /* CDVViewController.m */ = {isa = PBXFileReference; fileEncoding = 4; lastKnownFileType = sourcecode.c.objc; path = CDVViewController.m; sourceTree = "<group>"; };
		7ED95D2C1AB9029B008C4574 /* CDVWebViewEngineProtocol.h */ = {isa = PBXFileReference; fileEncoding = 4; lastKnownFileType = sourcecode.c.h; path = CDVWebViewEngineProtocol.h; sourceTree = "<group>"; };
		7ED95D2D1AB9029B008C4574 /* CDVWhitelist.h */ = {isa = PBXFileReference; fileEncoding = 4; lastKnownFileType = sourcecode.c.h; path = CDVWhitelist.h; sourceTree = "<group>"; };
		7ED95D2E1AB9029B008C4574 /* CDVWhitelist.m */ = {isa = PBXFileReference; fileEncoding = 4; lastKnownFileType = sourcecode.c.objc; path = CDVWhitelist.m; sourceTree = "<group>"; };
		7ED95D311AB9029B008C4574 /* NSDictionary+CordovaPreferences.h */ = {isa = PBXFileReference; fileEncoding = 4; lastKnownFileType = sourcecode.c.h; path = "NSDictionary+CordovaPreferences.h"; sourceTree = "<group>"; };
		7ED95D321AB9029B008C4574 /* NSDictionary+CordovaPreferences.m */ = {isa = PBXFileReference; fileEncoding = 4; lastKnownFileType = sourcecode.c.objc; path = "NSDictionary+CordovaPreferences.m"; sourceTree = "<group>"; };
		7ED95D331AB9029B008C4574 /* NSMutableArray+QueueAdditions.h */ = {isa = PBXFileReference; fileEncoding = 4; lastKnownFileType = sourcecode.c.h; path = "NSMutableArray+QueueAdditions.h"; sourceTree = "<group>"; };
		7ED95D341AB9029B008C4574 /* NSMutableArray+QueueAdditions.m */ = {isa = PBXFileReference; fileEncoding = 4; lastKnownFileType = sourcecode.c.objc; path = "NSMutableArray+QueueAdditions.m"; sourceTree = "<group>"; };
		954995EE214F8BBB007F3C28 /* Constants.h */ = {isa = PBXFileReference; lastKnownFileType = sourcecode.c.h; path = Constants.h; sourceTree = "<group>"; };
		954995EF214F8BBB007F3C28 /* Constants.m */ = {isa = PBXFileReference; lastKnownFileType = sourcecode.c.objc; path = Constants.m; sourceTree = "<group>"; };
		954995F7214FACD8007F3C28 /* PoiCategoryIconTests.m */ = {isa = PBXFileReference; lastKnownFileType = sourcecode.c.objc; path = PoiCategoryIconTests.m; sourceTree = "<group>"; };
		95B14A2A214A402E0073A9E1 /* PointTests.m */ = {isa = PBXFileReference; lastKnownFileType = sourcecode.c.objc; path = PointTests.m; sourceTree = "<group>"; };
		95B14A2C214A44800073A9E1 /* AngleTests.m */ = {isa = PBXFileReference; lastKnownFileType = sourcecode.c.objc; path = AngleTests.m; sourceTree = "<group>"; };
		95B14A2E214A45B10073A9E1 /* BoundTests.m */ = {isa = PBXFileReference; lastKnownFileType = sourcecode.c.objc; path = BoundTests.m; sourceTree = "<group>"; };
		95B14A32214A46E20073A9E1 /* CartesianCoordinateTests.m */ = {isa = PBXFileReference; lastKnownFileType = sourcecode.c.objc; path = CartesianCoordinateTests.m; sourceTree = "<group>"; };
		95B14A34214A476B0073A9E1 /* CoordinateTests.m */ = {isa = PBXFileReference; lastKnownFileType = sourcecode.c.objc; path = CoordinateTests.m; sourceTree = "<group>"; };
		95B14A36214A47D20073A9E1 /* DimensionTests.m */ = {isa = PBXFileReference; lastKnownFileType = sourcecode.c.objc; path = DimensionTests.m; sourceTree = "<group>"; };
		95B14A38214A488F0073A9E1 /* EventTests.m */ = {isa = PBXFileReference; lastKnownFileType = sourcecode.c.objc; path = EventTests.m; sourceTree = "<group>"; };
		95B14A3A214A48F80073A9E1 /* FloorTests.m */ = {isa = PBXFileReference; lastKnownFileType = sourcecode.c.objc; path = FloorTests.m; sourceTree = "<group>"; };
		95B14A3C214A49B30073A9E1 /* indicationTests.m */ = {isa = PBXFileReference; lastKnownFileType = sourcecode.c.objc; path = indicationTests.m; sourceTree = "<group>"; };
		95B14A3E214A4AED0073A9E1 /* LocationTests.m */ = {isa = PBXFileReference; lastKnownFileType = sourcecode.c.objc; path = LocationTests.m; sourceTree = "<group>"; };
		95B14A40214A4CF20073A9E1 /* LocationStatusTests.m */ = {isa = PBXFileReference; lastKnownFileType = sourcecode.c.objc; path = LocationStatusTests.m; sourceTree = "<group>"; };
		95B14A42214A4E550073A9E1 /* NavigationProgressTests.m */ = {isa = PBXFileReference; lastKnownFileType = sourcecode.c.objc; path = NavigationProgressTests.m; sourceTree = "<group>"; };
		95B14A44214A50E60073A9E1 /* PoiCategoryTests.m */ = {isa = PBXFileReference; lastKnownFileType = sourcecode.c.objc; path = PoiCategoryTests.m; sourceTree = "<group>"; };
		95B14A46214A51BA0073A9E1 /* RouteTests.m */ = {isa = PBXFileReference; lastKnownFileType = sourcecode.c.objc; path = RouteTests.m; sourceTree = "<group>"; };
		95B14A48214A535A0073A9E1 /* RouteStepTests.m */ = {isa = PBXFileReference; lastKnownFileType = sourcecode.c.objc; path = RouteStepTests.m; sourceTree = "<group>"; };
		95B14A4A214A54CA0073A9E1 /* ConversionAreaTests.m */ = {isa = PBXFileReference; lastKnownFileType = sourcecode.c.objc; path = ConversionAreaTests.m; sourceTree = "<group>"; };
		95B14A4C214A56CE0073A9E1 /* BuildingTests.m */ = {isa = PBXFileReference; lastKnownFileType = sourcecode.c.objc; path = BuildingTests.m; sourceTree = "<group>"; };
		95D33B48214B9680000E073E /* PoiTests.m */ = {isa = PBXFileReference; lastKnownFileType = sourcecode.c.objc; path = PoiTests.m; sourceTree = "<group>"; };
		AA747D9E0F9514B9006C5449 /* SitumCordovaPlugin_Prefix.pch */ = {isa = PBXFileReference; fileEncoding = 4; lastKnownFileType = sourcecode.c.h; name = SitumCordovaPlugin_Prefix.pch; path = ../../SitumCordovaPlugin_Prefix.pch; sourceTree = "<group>"; };
		C0C01EB21E3911D50056E6CB /* Cordova.framework */ = {isa = PBXFileReference; explicitFileType = wrapper.framework; includeInIndex = 0; path = Cordova.framework; sourceTree = BUILT_PRODUCTS_DIR; };
		C0C01EB41E3911D50056E6CB /* Cordova.h */ = {isa = PBXFileReference; lastKnownFileType = sourcecode.c.h; path = Cordova.h; sourceTree = "<group>"; };
		C0C01EB51E3911D50056E6CB /* Info.plist */ = {isa = PBXFileReference; lastKnownFileType = text.plist.xml; path = Info.plist; sourceTree = "<group>"; };
/* End PBXFileReference section */

/* Begin PBXFrameworksBuildPhase section */
		0D884A0B21145F820066C765 /* Frameworks */ = {
			isa = PBXFrameworksBuildPhase;
			buildActionMask = 2147483647;
			files = (
				0D884A1321145F820066C765 /* libCordova.a in Frameworks */,
				0D884A232114644C0066C765 /* SitumSDK.framework in Frameworks */,
			);
			runOnlyForDeploymentPostprocessing = 0;
		};
		C0C01EAE1E3911D50056E6CB /* Frameworks */ = {
			isa = PBXFrameworksBuildPhase;
			buildActionMask = 2147483647;
			files = (
				C0C01EBA1E39120F0056E6CB /* libCordova.a in Frameworks */,
			);
			runOnlyForDeploymentPostprocessing = 0;
		};
		D2AAC07C0554694100DB518D /* Frameworks */ = {
			isa = PBXFrameworksBuildPhase;
			buildActionMask = 2147483647;
			files = (
				0D884A0921145E510066C765 /* SitumSDK.framework in Frameworks */,
			);
			runOnlyForDeploymentPostprocessing = 0;
		};
/* End PBXFrameworksBuildPhase section */

/* Begin PBXGroup section */
		034768DFFF38A50411DB9C8B /* Products */ = {
			isa = PBXGroup;
			children = (
				68A32D7114102E1C006B237C /* libCordova.a */,
				C0C01EB21E3911D50056E6CB /* Cordova.framework */,
				0D884A0E21145F820066C765 /* situmcordovaplugintests.xctest */,
			);
			name = Products;
			sourceTree = CORDOVALIB;
		};
		0867D691FE84028FC02AAC07 /* CordovaLib */ = {
			isa = PBXGroup;
			children = (
				0DF4AB0521143D5700D81A31 /* situmcordovaplugin */,
				0D884A0F21145F820066C765 /* situmcordovaplugintests */,
				7ED95D0E1AB9029B008C4574 /* Public */,
				7ED95CF11AB9028C008C4574 /* Private */,
				C0C01EB31E3911D50056E6CB /* Cordova */,
				034768DFFF38A50411DB9C8B /* Products */,
				0D5184E921145DEB00BFA9E3 /* Frameworks */,
				30325A0B136B343700982B63 /* VERSION */,
			);
			name = CordovaLib;
			sourceTree = "<group>";
		};
		0D5184E921145DEB00BFA9E3 /* Frameworks */ = {
			isa = PBXGroup;
			children = (
				0D884A0821145E510066C765 /* SitumSDK.framework */,
			);
			path = Frameworks;
			sourceTree = "<group>";
		};
		0D5CFD39212C275E00C6E436 /* CDVPlugins */ = {
			isa = PBXGroup;
			children = (
				0D5CFD3A212C275E00C6E436 /* CDVGestureHandler */,
				0D5CFD3D212C275E00C6E436 /* CDVIntentAndNavigationFilter */,
				0D5CFD40212C275E00C6E436 /* CDVHandleOpenURL */,
				0D5CFD43212C275E00C6E436 /* CDVLogger */,
				0D5CFD46212C275E00C6E436 /* CDVLocalStorage */,
				0D5CFD49212C275E00C6E436 /* CDVUIWebViewEngine */,
			);
			path = CDVPlugins;
			sourceTree = "<group>";
		};
		0D5CFD3A212C275E00C6E436 /* CDVGestureHandler */ = {
			isa = PBXGroup;
			children = (
				0D5CFD3B212C275E00C6E436 /* CDVGestureHandler.h */,
				0D5CFD3C212C275E00C6E436 /* CDVGestureHandler.m */,
			);
			path = CDVGestureHandler;
			sourceTree = "<group>";
		};
		0D5CFD3D212C275E00C6E436 /* CDVIntentAndNavigationFilter */ = {
			isa = PBXGroup;
			children = (
				0D5CFD3E212C275E00C6E436 /* CDVIntentAndNavigationFilter.m */,
				0D5CFD3F212C275E00C6E436 /* CDVIntentAndNavigationFilter.h */,
			);
			path = CDVIntentAndNavigationFilter;
			sourceTree = "<group>";
		};
		0D5CFD40212C275E00C6E436 /* CDVHandleOpenURL */ = {
			isa = PBXGroup;
			children = (
				0D5CFD41212C275E00C6E436 /* CDVHandleOpenURL.h */,
				0D5CFD42212C275E00C6E436 /* CDVHandleOpenURL.m */,
			);
			path = CDVHandleOpenURL;
			sourceTree = "<group>";
		};
		0D5CFD43212C275E00C6E436 /* CDVLogger */ = {
			isa = PBXGroup;
			children = (
				0D5CFD44212C275E00C6E436 /* CDVLogger.h */,
				0D5CFD45212C275E00C6E436 /* CDVLogger.m */,
			);
			path = CDVLogger;
			sourceTree = "<group>";
		};
		0D5CFD46212C275E00C6E436 /* CDVLocalStorage */ = {
			isa = PBXGroup;
			children = (
				0D5CFD47212C275E00C6E436 /* CDVLocalStorage.m */,
				0D5CFD48212C275E00C6E436 /* CDVLocalStorage.h */,
			);
			path = CDVLocalStorage;
			sourceTree = "<group>";
		};
		0D5CFD49212C275E00C6E436 /* CDVUIWebViewEngine */ = {
			isa = PBXGroup;
			children = (
				0D5CFD4A212C275E00C6E436 /* CDVUIWebViewNavigationDelegate.h */,
				0D5CFD4B212C275E00C6E436 /* CDVUIWebViewDelegate.m */,
				0D5CFD4C212C275E00C6E436 /* CDVUIWebViewEngine.h */,
				0D5CFD4D212C275E00C6E436 /* CDVUIWebViewNavigationDelegate.m */,
				0D5CFD4E212C275E00C6E436 /* CDVUIWebViewDelegate.h */,
				0D5CFD4F212C275E00C6E436 /* CDVUIWebViewEngine.m */,
			);
			path = CDVUIWebViewEngine;
			sourceTree = "<group>";
		};
		0D884A0F21145F820066C765 /* situmcordovaplugintests */ = {
			isa = PBXGroup;
			children = (
				3A4D721521525AB20038ED55 /* InputTests */,
				0D884E7C2116FAA20066C765 /* resources */,
				0D884A192114634D0066C765 /* SitumCreatorTests.h */,
				0D884A1B2114634D0066C765 /* SitumCreatorTests.m */,
				0D884A1F2114634E0066C765 /* TestingHelper.h */,
				0D884A1D2114634E0066C765 /* TestingHelper.m */,
				0D884A1221145F820066C765 /* Info.plist */,
				95B14A2A214A402E0073A9E1 /* PointTests.m */,
				95B14A2C214A44800073A9E1 /* AngleTests.m */,
				95B14A2E214A45B10073A9E1 /* BoundTests.m */,
				95B14A4C214A56CE0073A9E1 /* BuildingTests.m */,
				95B14A32214A46E20073A9E1 /* CartesianCoordinateTests.m */,
				95B14A34214A476B0073A9E1 /* CoordinateTests.m */,
				95B14A36214A47D20073A9E1 /* DimensionTests.m */,
				95B14A38214A488F0073A9E1 /* EventTests.m */,
				95B14A3A214A48F80073A9E1 /* FloorTests.m */,
				95B14A3C214A49B30073A9E1 /* indicationTests.m */,
				95B14A3E214A4AED0073A9E1 /* LocationTests.m */,
				95B14A40214A4CF20073A9E1 /* LocationStatusTests.m */,
				95B14A42214A4E550073A9E1 /* NavigationProgressTests.m */,
				95B14A44214A50E60073A9E1 /* PoiCategoryTests.m */,
				95B14A46214A51BA0073A9E1 /* RouteTests.m */,
				95B14A48214A535A0073A9E1 /* RouteStepTests.m */,
				95B14A4A214A54CA0073A9E1 /* ConversionAreaTests.m */,
				95D33B48214B9680000E073E /* PoiTests.m */,
				954995F7214FACD8007F3C28 /* PoiCategoryIconTests.m */,
			);
			path = situmcordovaplugintests;
			sourceTree = "<group>";
		};
		0DF4AB0521143D5700D81A31 /* situmcordovaplugin */ = {
			isa = PBXGroup;
			children = (
				0DF4AB0621143D5700D81A31 /* AppDelegate.h */,
				0DF4AB0721143D5700D81A31 /* AppDelegate.m */,
				0DF4AB0821143D5700D81A31 /* Assets.xcassets */,
				0DF4AB0921143D5700D81A31 /* LaunchScreen.storyboard */,
				0DF4AB0B21143D5700D81A31 /* Main.storyboard */,
				0DF4AB0D21143D5700D81A31 /* Info.plist */,
				0DF4AB0E21143D5700D81A31 /* main.m */,
				0DF4AB0F21143D5700D81A31 /* situmcordovaplugin.xcdatamodeld */,
				0DF4AB1121143D5700D81A31 /* SitumLocationWrapper.h */,
				0DF4AB1221143D5700D81A31 /* SitumLocationWrapper.m */,
				0DF4AB1321143D5700D81A31 /* SitumPlugin.h */,
				0DF4AB1421143D5700D81A31 /* SitumPlugin.m */,
				0DF4AB1521143D5700D81A31 /* ViewController.h */,
				0DF4AB1621143D5700D81A31 /* ViewController.m */,
				954995EE214F8BBB007F3C28 /* Constants.h */,
				954995EF214F8BBB007F3C28 /* Constants.m */,
			);
			path = situmcordovaplugin;
			sourceTree = "<group>";
		};
		3A4D721521525AB20038ED55 /* InputTests */ = {
			isa = PBXGroup;
			children = (
				3A4D721621525B970038ED55 /* InputPointTests.m */,
				3A4D721A215276660038ED55 /* InputCartesianCoordinateTests.m */,
				3A4011362153B0D500AC3BD5 /* InputCoordinateTests.m */,
				3A4011382153B24400AC3BD5 /* InputLocationTests.m */,
			);
			path = InputTests;
			sourceTree = "<group>";
		};
		7ED95CF11AB9028C008C4574 /* Private */ = {
			isa = PBXGroup;
			children = (
				AA747D9E0F9514B9006C5449 /* SitumCordovaPlugin_Prefix.pch */,
				7ED95CF21AB9028C008C4574 /* CDVDebug.h */,
				7ED95CF31AB9028C008C4574 /* CDVJSON_private.h */,
				7ED95CF41AB9028C008C4574 /* CDVJSON_private.m */,
				7ED95CF51AB9028C008C4574 /* CDVPlugin+Private.h */,
				0D5CFD39212C275E00C6E436 /* CDVPlugins */,
			);
			name = Private;
			path = Classes/Private;
			sourceTree = "<group>";
		};
		7ED95D0E1AB9029B008C4574 /* Public */ = {
			isa = PBXGroup;
			children = (
				7ED95D0F1AB9029B008C4574 /* CDV.h */,
				7ED95D101AB9029B008C4574 /* CDVAppDelegate.h */,
				7ED95D111AB9029B008C4574 /* CDVAppDelegate.m */,
				7ED95D121AB9029B008C4574 /* CDVAvailability.h */,
				7ED95D131AB9029B008C4574 /* CDVAvailabilityDeprecated.h */,
				7ED95D141AB9029B008C4574 /* CDVCommandDelegate.h */,
				7ED95D151AB9029B008C4574 /* CDVCommandDelegateImpl.h */,
				7ED95D161AB9029B008C4574 /* CDVCommandDelegateImpl.m */,
				7ED95D171AB9029B008C4574 /* CDVCommandQueue.h */,
				7ED95D181AB9029B008C4574 /* CDVCommandQueue.m */,
				7ED95D191AB9029B008C4574 /* CDVConfigParser.h */,
				7ED95D1A1AB9029B008C4574 /* CDVConfigParser.m */,
				7ED95D1B1AB9029B008C4574 /* CDVInvokedUrlCommand.h */,
				7ED95D1C1AB9029B008C4574 /* CDVInvokedUrlCommand.m */,
				7ED95D1D1AB9029B008C4574 /* CDVPlugin+Resources.h */,
				7ED95D1E1AB9029B008C4574 /* CDVPlugin+Resources.m */,
				7ED95D1F1AB9029B008C4574 /* CDVPlugin.h */,
				7ED95D201AB9029B008C4574 /* CDVPlugin.m */,
				7ED95D211AB9029B008C4574 /* CDVPluginResult.h */,
				7ED95D221AB9029B008C4574 /* CDVPluginResult.m */,
				7ED95D231AB9029B008C4574 /* CDVScreenOrientationDelegate.h */,
				7ED95D241AB9029B008C4574 /* CDVTimer.h */,
				7ED95D251AB9029B008C4574 /* CDVTimer.m */,
				7ED95D261AB9029B008C4574 /* CDVURLProtocol.h */,
				7ED95D271AB9029B008C4574 /* CDVURLProtocol.m */,
				7ED95D281AB9029B008C4574 /* CDVUserAgentUtil.h */,
				7ED95D291AB9029B008C4574 /* CDVUserAgentUtil.m */,
				7ED95D2A1AB9029B008C4574 /* CDVViewController.h */,
				7ED95D2B1AB9029B008C4574 /* CDVViewController.m */,
				7ED95D2C1AB9029B008C4574 /* CDVWebViewEngineProtocol.h */,
				7ED95D2D1AB9029B008C4574 /* CDVWhitelist.h */,
				7ED95D2E1AB9029B008C4574 /* CDVWhitelist.m */,
				7ED95D311AB9029B008C4574 /* NSDictionary+CordovaPreferences.h */,
				7ED95D321AB9029B008C4574 /* NSDictionary+CordovaPreferences.m */,
				7ED95D331AB9029B008C4574 /* NSMutableArray+QueueAdditions.h */,
				7ED95D341AB9029B008C4574 /* NSMutableArray+QueueAdditions.m */,
			);
			name = Public;
			path = Classes/Public;
			sourceTree = "<group>";
		};
		C0C01EB31E3911D50056E6CB /* Cordova */ = {
			isa = PBXGroup;
			children = (
				C0C01EB41E3911D50056E6CB /* Cordova.h */,
				C0C01EB51E3911D50056E6CB /* Info.plist */,
			);
			path = Cordova;
			sourceTree = "<group>";
		};
/* End PBXGroup section */

/* Begin PBXHeadersBuildPhase section */
		C0C01EAF1E3911D50056E6CB /* Headers */ = {
			isa = PBXHeadersBuildPhase;
			buildActionMask = 2147483647;
			files = (
				C0C01EC11E39131A0056E6CB /* CDVCommandQueue.h in Headers */,
				C0C01EC51E39131A0056E6CB /* CDVPlugin.h in Headers */,
				C0C01ECF1E39131A0056E6CB /* NSMutableArray+QueueAdditions.h in Headers */,
				C0C01EC21E39131A0056E6CB /* CDVConfigParser.h in Headers */,
				C0C01EC81E39131A0056E6CB /* CDVTimer.h in Headers */,
				C0C01EBB1E39131A0056E6CB /* CDV.h in Headers */,
				C0C01ECE1E39131A0056E6CB /* NSDictionary+CordovaPreferences.h in Headers */,
				C0C01EB61E3911D50056E6CB /* Cordova.h in Headers */,
				C0C01EC41E39131A0056E6CB /* CDVPlugin+Resources.h in Headers */,
				C0C01EBE1E39131A0056E6CB /* CDVAvailabilityDeprecated.h in Headers */,
				C0C01EC91E39131A0056E6CB /* CDVURLProtocol.h in Headers */,
				C0C01EBF1E39131A0056E6CB /* CDVCommandDelegate.h in Headers */,
				C0C01ECD1E39131A0056E6CB /* CDVWhitelist.h in Headers */,
				C0C01ECA1E39131A0056E6CB /* CDVUserAgentUtil.h in Headers */,
				C0C01EBC1E39131A0056E6CB /* CDVAppDelegate.h in Headers */,
				C0C01EBD1E39131A0056E6CB /* CDVAvailability.h in Headers */,
				C0C01ECB1E39131A0056E6CB /* CDVViewController.h in Headers */,
				C0C01ECC1E39131A0056E6CB /* CDVWebViewEngineProtocol.h in Headers */,
				C0C01EC01E39131A0056E6CB /* CDVCommandDelegateImpl.h in Headers */,
				C0C01EC31E39131A0056E6CB /* CDVInvokedUrlCommand.h in Headers */,
				C0C01EC71E39131A0056E6CB /* CDVScreenOrientationDelegate.h in Headers */,
				C0C01EC61E39131A0056E6CB /* CDVPluginResult.h in Headers */,
			);
			runOnlyForDeploymentPostprocessing = 0;
		};
		D2AAC07A0554694100DB518D /* Headers */ = {
			isa = PBXHeadersBuildPhase;
			buildActionMask = 2147483647;
			files = (
				7ED95D521AB9029B008C4574 /* CDVWebViewEngineProtocol.h in Headers */,
				7ED95D491AB9029B008C4574 /* CDVScreenOrientationDelegate.h in Headers */,
				7ED95D351AB9029B008C4574 /* CDV.h in Headers */,
				0D5CFD62212C275E00C6E436 /* CDVUIWebViewEngine.h in Headers */,
				7ED95D3B1AB9029B008C4574 /* CDVCommandDelegateImpl.h in Headers */,
				0DF4AB1F21143D5800D81A31 /* ViewController.h in Headers */,
				7ED95D3D1AB9029B008C4574 /* CDVCommandQueue.h in Headers */,
				7ED95D531AB9029B008C4574 /* CDVWhitelist.h in Headers */,
				7ED95D361AB9029B008C4574 /* CDVAppDelegate.h in Headers */,
				0D5CFD5E212C275E00C6E436 /* CDVLocalStorage.h in Headers */,
				7ED95D431AB9029B008C4574 /* CDVPlugin+Resources.h in Headers */,
				7ED95D381AB9029B008C4574 /* CDVAvailability.h in Headers */,
				0D5CFD56212C275E00C6E436 /* CDVHandleOpenURL.h in Headers */,
				7ED95D471AB9029B008C4574 /* CDVPluginResult.h in Headers */,
				7ED95D591AB9029B008C4574 /* NSMutableArray+QueueAdditions.h in Headers */,
				0D5CFD50212C275E00C6E436 /* CDVGestureHandler.h in Headers */,
				7ED95D411AB9029B008C4574 /* CDVInvokedUrlCommand.h in Headers */,
				0D5CFD5F212C275E00C6E436 /* CDVUIWebViewNavigationDelegate.h in Headers */,
				7ED95D571AB9029B008C4574 /* NSDictionary+CordovaPreferences.h in Headers */,
				0D5CFD65212C275E00C6E436 /* CDVUIWebViewDelegate.h in Headers */,
				7ED95D451AB9029B008C4574 /* CDVPlugin.h in Headers */,
				954995F0214F8BBB007F3C28 /* Constants.h in Headers */,
				7ED95D4C1AB9029B008C4574 /* CDVURLProtocol.h in Headers */,
				7ED95D3A1AB9029B008C4574 /* CDVCommandDelegate.h in Headers */,
				7ED95D391AB9029B008C4574 /* CDVAvailabilityDeprecated.h in Headers */,
				7ED95D4E1AB9029B008C4574 /* CDVUserAgentUtil.h in Headers */,
				7ED95D4A1AB9029B008C4574 /* CDVTimer.h in Headers */,
				7ED95D3F1AB9029B008C4574 /* CDVConfigParser.h in Headers */,
				7ED95D501AB9029B008C4574 /* CDVViewController.h in Headers */,
				7ED95D031AB9028C008C4574 /* CDVJSON_private.h in Headers */,
				0D5CFD55212C275E00C6E436 /* CDVIntentAndNavigationFilter.h in Headers */,
				7ED95D021AB9028C008C4574 /* CDVDebug.h in Headers */,
				7ED95D051AB9028C008C4574 /* CDVPlugin+Private.h in Headers */,
				0DF4AB1D21143D5800D81A31 /* SitumPlugin.h in Headers */,
				0DF4AB1B21143D5800D81A31 /* SitumLocationWrapper.h in Headers */,
				0D5CFD59212C275E00C6E436 /* CDVLogger.h in Headers */,
				0DF4AB1721143D5800D81A31 /* AppDelegate.h in Headers */,
			);
			runOnlyForDeploymentPostprocessing = 0;
		};
/* End PBXHeadersBuildPhase section */

/* Begin PBXNativeTarget section */
		0D884A0D21145F820066C765 /* situmcordovaplugintests */ = {
			isa = PBXNativeTarget;
			buildConfigurationList = 0D884A1621145F820066C765 /* Build configuration list for PBXNativeTarget "situmcordovaplugintests" */;
			buildPhases = (
				0D884A0A21145F820066C765 /* Sources */,
				0D884A0B21145F820066C765 /* Frameworks */,
				0D884A0C21145F820066C765 /* Resources */,
			);
			buildRules = (
			);
			dependencies = (
				0D884A1521145F820066C765 /* PBXTargetDependency */,
			);
			name = situmcordovaplugintests;
			productName = situmcordovaplugintests;
			productReference = 0D884A0E21145F820066C765 /* situmcordovaplugintests.xctest */;
			productType = "com.apple.product-type.bundle.unit-test";
		};
		C0C01EB11E3911D50056E6CB /* Cordova */ = {
			isa = PBXNativeTarget;
			buildConfigurationList = C0C01EB91E3911D50056E6CB /* Build configuration list for PBXNativeTarget "Cordova" */;
			buildPhases = (
				C0C01EAD1E3911D50056E6CB /* Sources */,
				C0C01EAE1E3911D50056E6CB /* Frameworks */,
				C0C01EAF1E3911D50056E6CB /* Headers */,
				C0C01EB01E3911D50056E6CB /* Resources */,
			);
			buildRules = (
			);
			dependencies = (
				C0C01ED21E39137C0056E6CB /* PBXTargetDependency */,
			);
			name = Cordova;
			productName = Cordova;
			productReference = C0C01EB21E3911D50056E6CB /* Cordova.framework */;
			productType = "com.apple.product-type.framework";
		};
		D2AAC07D0554694100DB518D /* SitumCordovaPlugin */ = {
			isa = PBXNativeTarget;
			buildConfigurationList = 1DEB921E08733DC00010E9CD /* Build configuration list for PBXNativeTarget "SitumCordovaPlugin" */;
			buildPhases = (
				D2AAC07A0554694100DB518D /* Headers */,
				D2AAC07B0554694100DB518D /* Sources */,
				D2AAC07C0554694100DB518D /* Frameworks */,
				0D884E7E2116FD8E0066C765 /* Resources */,
			);
			buildRules = (
			);
			dependencies = (
			);
			name = SitumCordovaPlugin;
			productName = CordovaLib;
			productReference = 68A32D7114102E1C006B237C /* libCordova.a */;
			productType = "com.apple.product-type.library.static";
		};
/* End PBXNativeTarget section */

/* Begin PBXProject section */
		0867D690FE84028FC02AAC07 /* Project object */ = {
			isa = PBXProject;
			attributes = {
				LastUpgradeCheck = 0720;
				TargetAttributes = {
					0D884A0D21145F820066C765 = {
						CreatedOnToolsVersion = 9.2;
						DevelopmentTeam = 2DRU8J553J;
						ProvisioningStyle = Automatic;
					};
					C0C01EB11E3911D50056E6CB = {
						CreatedOnToolsVersion = 8.2;
						ProvisioningStyle = Automatic;
					};
				};
			};
			buildConfigurationList = 1DEB922208733DC00010E9CD /* Build configuration list for PBXProject "SitumCordovaPlugin" */;
			compatibilityVersion = "Xcode 3.2";
			developmentRegion = English;
			hasScannedForEncodings = 1;
			knownRegions = (
				English,
				Japanese,
				French,
				German,
				en,
				Base,
			);
			mainGroup = 0867D691FE84028FC02AAC07 /* CordovaLib */;
			productRefGroup = 034768DFFF38A50411DB9C8B /* Products */;
			projectDirPath = "";
			projectRoot = "";
			targets = (
				D2AAC07D0554694100DB518D /* SitumCordovaPlugin */,
				0D884A0D21145F820066C765 /* situmcordovaplugintests */,
				C0C01EB11E3911D50056E6CB /* Cordova */,
			);
		};
/* End PBXProject section */

/* Begin PBXResourcesBuildPhase section */
		0D884A0C21145F820066C765 /* Resources */ = {
			isa = PBXResourcesBuildPhase;
			buildActionMask = 2147483647;
			files = (
				0D884E7D2116FAA20066C765 /* resources in Resources */,
				0D884E88211708900066C765 /* Info.plist in Resources */,
			);
			runOnlyForDeploymentPostprocessing = 0;
		};
		0D884E7E2116FD8E0066C765 /* Resources */ = {
			isa = PBXResourcesBuildPhase;
			buildActionMask = 2147483647;
			files = (
				0D884E832117012F0066C765 /* resources in Resources */,
				0D884E87211708900066C765 /* Info.plist in Resources */,
			);
			runOnlyForDeploymentPostprocessing = 0;
		};
		C0C01EB01E3911D50056E6CB /* Resources */ = {
			isa = PBXResourcesBuildPhase;
			buildActionMask = 2147483647;
			files = (
			);
			runOnlyForDeploymentPostprocessing = 0;
		};
/* End PBXResourcesBuildPhase section */

/* Begin PBXSourcesBuildPhase section */
		0D884A0A21145F820066C765 /* Sources */ = {
			isa = PBXSourcesBuildPhase;
			buildActionMask = 2147483647;
			files = (
				0D5CFD52212C275E00C6E436 /* CDVGestureHandler.m in Sources */,
				0D5CFD5D212C275E00C6E436 /* CDVLocalStorage.m in Sources */,
				0D884A222114634E0066C765 /* TestingHelper.m in Sources */,
				95B14A3F214A4AED0073A9E1 /* LocationTests.m in Sources */,
				95B14A43214A4E550073A9E1 /* NavigationProgressTests.m in Sources */,
				0D5CFD67212C275E00C6E436 /* CDVUIWebViewEngine.m in Sources */,
				95B14A3D214A49B30073A9E1 /* indicationTests.m in Sources */,
				95B14A2D214A44800073A9E1 /* AngleTests.m in Sources */,
				0D5CFD64212C275E00C6E436 /* CDVUIWebViewNavigationDelegate.m in Sources */,
				95B14A37214A47D20073A9E1 /* DimensionTests.m in Sources */,
				95B14A41214A4CF20073A9E1 /* LocationStatusTests.m in Sources */,
				954995F8214FACD8007F3C28 /* PoiCategoryIconTests.m in Sources */,
				954995F2214F8BBB007F3C28 /* Constants.m in Sources */,
				95B14A35214A476B0073A9E1 /* CoordinateTests.m in Sources */,
				95B14A49214A535A0073A9E1 /* RouteStepTests.m in Sources */,
				3A4011392153B24400AC3BD5 /* InputLocationTests.m in Sources */,
				95B14A4D214A56CE0073A9E1 /* BuildingTests.m in Sources */,
				0D5CFD58212C275E00C6E436 /* CDVHandleOpenURL.m in Sources */,
				95B14A39214A488F0073A9E1 /* EventTests.m in Sources */,
				95D33B49214B9680000E073E /* PoiTests.m in Sources */,
				95B14A2F214A45B10073A9E1 /* BoundTests.m in Sources */,
				95B14A47214A51BA0073A9E1 /* RouteTests.m in Sources */,
				0D5CFD61212C275E00C6E436 /* CDVUIWebViewDelegate.m in Sources */,
				95B14A33214A46E20073A9E1 /* CartesianCoordinateTests.m in Sources */,
				3A4011372153B0D500AC3BD5 /* InputCoordinateTests.m in Sources */,
				95B14A4B214A54CA0073A9E1 /* ConversionAreaTests.m in Sources */,
				95B14A2B214A402E0073A9E1 /* PointTests.m in Sources */,
				3A4D721B215276660038ED55 /* InputCartesianCoordinateTests.m in Sources */,
				0D884A202114634E0066C765 /* SitumCreatorTests.m in Sources */,
				3A4D721721525B970038ED55 /* InputPointTests.m in Sources */,
				95B14A3B214A48F80073A9E1 /* FloorTests.m in Sources */,
				0D5CFD54212C275E00C6E436 /* CDVIntentAndNavigationFilter.m in Sources */,
				95B14A45214A50E60073A9E1 /* PoiCategoryTests.m in Sources */,
				0D5CFD5B212C275E00C6E436 /* CDVLogger.m in Sources */,
			);
			runOnlyForDeploymentPostprocessing = 0;
		};
		C0C01EAD1E3911D50056E6CB /* Sources */ = {
			isa = PBXSourcesBuildPhase;
			buildActionMask = 2147483647;
			files = (
			);
			runOnlyForDeploymentPostprocessing = 0;
		};
		D2AAC07B0554694100DB518D /* Sources */ = {
			isa = PBXSourcesBuildPhase;
			buildActionMask = 2147483647;
			files = (
				0D5CFD60212C275E00C6E436 /* CDVUIWebViewDelegate.m in Sources */,
				0DF4AB1921143D5800D81A31 /* main.m in Sources */,
				0D5CFD57212C275E00C6E436 /* CDVHandleOpenURL.m in Sources */,
				0D5CFD53212C275E00C6E436 /* CDVIntentAndNavigationFilter.m in Sources */,
				954995F1214F8BBB007F3C28 /* Constants.m in Sources */,
				7ED95D511AB9029B008C4574 /* CDVViewController.m in Sources */,
				7ED95D581AB9029B008C4574 /* NSDictionary+CordovaPreferences.m in Sources */,
				7ED95D371AB9029B008C4574 /* CDVAppDelegate.m in Sources */,
				0DF4AB1C21143D5800D81A31 /* SitumLocationWrapper.m in Sources */,
				7ED95D3C1AB9029B008C4574 /* CDVCommandDelegateImpl.m in Sources */,
				7ED95D041AB9028C008C4574 /* CDVJSON_private.m in Sources */,
				7ED95D541AB9029B008C4574 /* CDVWhitelist.m in Sources */,
				7ED95D421AB9029B008C4574 /* CDVInvokedUrlCommand.m in Sources */,
				7ED95D4B1AB9029B008C4574 /* CDVTimer.m in Sources */,
				0D5CFD66212C275E00C6E436 /* CDVUIWebViewEngine.m in Sources */,
				0DF4AB1A21143D5800D81A31 /* situmcordovaplugin.xcdatamodeld in Sources */,
				0D5CFD5A212C275E00C6E436 /* CDVLogger.m in Sources */,
				0D5CFD51212C275E00C6E436 /* CDVGestureHandler.m in Sources */,
				0D5CFD63212C275E00C6E436 /* CDVUIWebViewNavigationDelegate.m in Sources */,
				7ED95D4F1AB9029B008C4574 /* CDVUserAgentUtil.m in Sources */,
				7ED95D401AB9029B008C4574 /* CDVConfigParser.m in Sources */,
				0D5CFD5C212C275E00C6E436 /* CDVLocalStorage.m in Sources */,
				7ED95D5A1AB9029B008C4574 /* NSMutableArray+QueueAdditions.m in Sources */,
				7ED95D3E1AB9029B008C4574 /* CDVCommandQueue.m in Sources */,
				7ED95D481AB9029B008C4574 /* CDVPluginResult.m in Sources */,
				7ED95D441AB9029B008C4574 /* CDVPlugin+Resources.m in Sources */,
				7ED95D4D1AB9029B008C4574 /* CDVURLProtocol.m in Sources */,
				0DF4AB1E21143D5800D81A31 /* SitumPlugin.m in Sources */,
				0DF4AB1821143D5800D81A31 /* AppDelegate.m in Sources */,
				0DF4AB2021143D5800D81A31 /* ViewController.m in Sources */,
				7ED95D461AB9029B008C4574 /* CDVPlugin.m in Sources */,
			);
			runOnlyForDeploymentPostprocessing = 0;
		};
/* End PBXSourcesBuildPhase section */

/* Begin PBXTargetDependency section */
		0D884A1521145F820066C765 /* PBXTargetDependency */ = {
			isa = PBXTargetDependency;
			target = D2AAC07D0554694100DB518D /* SitumCordovaPlugin */;
			targetProxy = 0D884A1421145F820066C765 /* PBXContainerItemProxy */;
		};
		C0C01ED21E39137C0056E6CB /* PBXTargetDependency */ = {
			isa = PBXTargetDependency;
			target = D2AAC07D0554694100DB518D /* SitumCordovaPlugin */;
			targetProxy = C0C01ED11E39137C0056E6CB /* PBXContainerItemProxy */;
		};
/* End PBXTargetDependency section */

/* Begin PBXVariantGroup section */
		0DF4AB0921143D5700D81A31 /* LaunchScreen.storyboard */ = {
			isa = PBXVariantGroup;
			children = (
				0DF4AB0A21143D5700D81A31 /* Base */,
			);
			name = LaunchScreen.storyboard;
			sourceTree = "<group>";
		};
		0DF4AB0B21143D5700D81A31 /* Main.storyboard */ = {
			isa = PBXVariantGroup;
			children = (
				0DF4AB0C21143D5700D81A31 /* Base */,
			);
			name = Main.storyboard;
			sourceTree = "<group>";
		};
/* End PBXVariantGroup section */

/* Begin XCBuildConfiguration section */
		0D884A1721145F820066C765 /* Debug */ = {
			isa = XCBuildConfiguration;
			buildSettings = {
				ALWAYS_SEARCH_USER_PATHS = NO;
				CLANG_ANALYZER_NONNULL = YES;
				CLANG_ANALYZER_NUMBER_OBJECT_CONVERSION = YES_AGGRESSIVE;
				CLANG_CXX_LANGUAGE_STANDARD = "gnu++14";
				CLANG_CXX_LIBRARY = "libc++";
				CLANG_ENABLE_MODULES = YES;
				CLANG_ENABLE_OBJC_ARC = YES;
				CLANG_WARN_BLOCK_CAPTURE_AUTORELEASING = YES;
				CLANG_WARN_COMMA = YES;
				CLANG_WARN_DIRECT_OBJC_ISA_USAGE = YES_ERROR;
				CLANG_WARN_DOCUMENTATION_COMMENTS = YES;
				CLANG_WARN_INFINITE_RECURSION = YES;
				CLANG_WARN_NON_LITERAL_NULL_CONVERSION = YES;
				CLANG_WARN_OBJC_LITERAL_CONVERSION = YES;
				CLANG_WARN_OBJC_ROOT_CLASS = YES_ERROR;
				CLANG_WARN_RANGE_LOOP_ANALYSIS = YES;
				CLANG_WARN_STRICT_PROTOTYPES = YES;
				CLANG_WARN_SUSPICIOUS_MOVE = YES;
				CLANG_WARN_UNGUARDED_AVAILABILITY = YES_AGGRESSIVE;
				CLANG_WARN_UNREACHABLE_CODE = YES;
				CODE_SIGN_IDENTITY = "iPhone Developer";
				CODE_SIGN_STYLE = Automatic;
				COPY_PHASE_STRIP = NO;
				DEBUG_INFORMATION_FORMAT = dwarf;
				DEVELOPMENT_TEAM = 2DRU8J553J;
				ENABLE_STRICT_OBJC_MSGSEND = YES;
				FRAMEWORK_SEARCH_PATHS = (
					"$(inherited)",
					"$(PROJECT_DIR)/Frameworks",
				);
				GCC_C_LANGUAGE_STANDARD = gnu11;
				GCC_DYNAMIC_NO_PIC = NO;
				GCC_NO_COMMON_BLOCKS = YES;
				GCC_PREPROCESSOR_DEFINITIONS = (
					"DEBUG=1",
					"$(inherited)",
				);
				GCC_WARN_64_TO_32_BIT_CONVERSION = YES;
				GCC_WARN_ABOUT_RETURN_TYPE = YES_ERROR;
				GCC_WARN_UNINITIALIZED_AUTOS = YES_AGGRESSIVE;
				INFOPLIST_FILE = situmcordovaplugintests/Info.plist;
				IPHONEOS_DEPLOYMENT_TARGET = 11.2;
				LD_RUNPATH_SEARCH_PATHS = "$(inherited) @executable_path/Frameworks @loader_path/Frameworks";
				MTL_ENABLE_DEBUG_INFO = YES;
				PRODUCT_BUNDLE_IDENTIFIER = es.situm.situmcordovaplugintests;
				PRODUCT_NAME = "$(TARGET_NAME)";
				SDKROOT = iphoneos;
				TARGETED_DEVICE_FAMILY = "1,2";
			};
			name = Debug;
		};
		0D884A1821145F820066C765 /* Release */ = {
			isa = XCBuildConfiguration;
			buildSettings = {
				ALWAYS_SEARCH_USER_PATHS = NO;
				CLANG_ANALYZER_NONNULL = YES;
				CLANG_ANALYZER_NUMBER_OBJECT_CONVERSION = YES_AGGRESSIVE;
				CLANG_CXX_LANGUAGE_STANDARD = "gnu++14";
				CLANG_CXX_LIBRARY = "libc++";
				CLANG_ENABLE_MODULES = YES;
				CLANG_ENABLE_OBJC_ARC = YES;
				CLANG_WARN_BLOCK_CAPTURE_AUTORELEASING = YES;
				CLANG_WARN_COMMA = YES;
				CLANG_WARN_DIRECT_OBJC_ISA_USAGE = YES_ERROR;
				CLANG_WARN_DOCUMENTATION_COMMENTS = YES;
				CLANG_WARN_INFINITE_RECURSION = YES;
				CLANG_WARN_NON_LITERAL_NULL_CONVERSION = YES;
				CLANG_WARN_OBJC_LITERAL_CONVERSION = YES;
				CLANG_WARN_OBJC_ROOT_CLASS = YES_ERROR;
				CLANG_WARN_RANGE_LOOP_ANALYSIS = YES;
				CLANG_WARN_STRICT_PROTOTYPES = YES;
				CLANG_WARN_SUSPICIOUS_MOVE = YES;
				CLANG_WARN_UNGUARDED_AVAILABILITY = YES_AGGRESSIVE;
				CLANG_WARN_UNREACHABLE_CODE = YES;
				CODE_SIGN_IDENTITY = "iPhone Developer";
				CODE_SIGN_STYLE = Automatic;
				COPY_PHASE_STRIP = NO;
				DEBUG_INFORMATION_FORMAT = "dwarf-with-dsym";
				DEVELOPMENT_TEAM = 2DRU8J553J;
				ENABLE_NS_ASSERTIONS = NO;
				ENABLE_STRICT_OBJC_MSGSEND = YES;
				FRAMEWORK_SEARCH_PATHS = (
					"$(inherited)",
					"$(PROJECT_DIR)/Frameworks",
				);
				GCC_C_LANGUAGE_STANDARD = gnu11;
				GCC_NO_COMMON_BLOCKS = YES;
				GCC_WARN_64_TO_32_BIT_CONVERSION = YES;
				GCC_WARN_ABOUT_RETURN_TYPE = YES_ERROR;
				GCC_WARN_UNINITIALIZED_AUTOS = YES_AGGRESSIVE;
				INFOPLIST_FILE = situmcordovaplugintests/Info.plist;
				IPHONEOS_DEPLOYMENT_TARGET = 11.2;
				LD_RUNPATH_SEARCH_PATHS = "$(inherited) @executable_path/Frameworks @loader_path/Frameworks";
				MTL_ENABLE_DEBUG_INFO = NO;
				PRODUCT_BUNDLE_IDENTIFIER = es.situm.situmcordovaplugintests;
				PRODUCT_NAME = "$(TARGET_NAME)";
				SDKROOT = iphoneos;
				TARGETED_DEVICE_FAMILY = "1,2";
				VALIDATE_PRODUCT = YES;
			};
			name = Release;
		};
		1DEB921F08733DC00010E9CD /* Debug */ = {
			isa = XCBuildConfiguration;
			buildSettings = {
				ALWAYS_SEARCH_USER_PATHS = NO;
				CLANG_ENABLE_MODULES = YES;
				CLANG_ENABLE_OBJC_ARC = YES;
				COPY_PHASE_STRIP = NO;
				DSTROOT = "/tmp/$(PROJECT_NAME).dst";
				FRAMEWORK_SEARCH_PATHS = (
					"$(inherited)",
					"$(PROJECT_DIR)",
					"$(PROJECT_DIR)/Frameworks",
					"$(PROJECT_DIR)/situmcordovaplugin",
					"$(PROJECT_DIR)/situmcordovaplugin/Frameworks",
				);
				GCC_DYNAMIC_NO_PIC = NO;
				GCC_MODEL_TUNING = G5;
				GCC_OPTIMIZATION_LEVEL = 0;
				GCC_PRECOMPILE_PREFIX_HEADER = YES;
				GCC_PREFIX_HEADER = SitumCordovaPlugin_Prefix.pch;
				GCC_PREPROCESSOR_DEFINITIONS = "";
				GCC_THUMB_SUPPORT = NO;
				GCC_VERSION = "";
				INSTALL_PATH = /usr/local/lib;
				IPHONEOS_DEPLOYMENT_TARGET = 9.0;
				PRODUCT_NAME = Cordova;
				PUBLIC_HEADERS_FOLDER_PATH = include/Cordova;
				SKIP_INSTALL = YES;
			};
			name = Debug;
		};
		1DEB922008733DC00010E9CD /* Release */ = {
			isa = XCBuildConfiguration;
			buildSettings = {
				ALWAYS_SEARCH_USER_PATHS = NO;
				CLANG_ENABLE_MODULES = YES;
				CLANG_ENABLE_OBJC_ARC = YES;
				DSTROOT = "/tmp/$(PROJECT_NAME).dst";
				FRAMEWORK_SEARCH_PATHS = (
					"$(inherited)",
					"$(PROJECT_DIR)",
					"$(PROJECT_DIR)/Frameworks",
					"$(PROJECT_DIR)/situmcordovaplugin",
					"$(PROJECT_DIR)/situmcordovaplugin/Frameworks",
				);
				GCC_MODEL_TUNING = G5;
				GCC_PRECOMPILE_PREFIX_HEADER = YES;
				GCC_PREFIX_HEADER = SitumCordovaPlugin_Prefix.pch;
				GCC_PREPROCESSOR_DEFINITIONS = "";
				GCC_THUMB_SUPPORT = NO;
				GCC_VERSION = "";
				INSTALL_PATH = /usr/local/lib;
				IPHONEOS_DEPLOYMENT_TARGET = 9.0;
				PRODUCT_NAME = Cordova;
				PUBLIC_HEADERS_FOLDER_PATH = include/Cordova;
				SKIP_INSTALL = YES;
			};
			name = Release;
		};
		1DEB922308733DC00010E9CD /* Debug */ = {
			isa = XCBuildConfiguration;
			buildSettings = {
				CLANG_WARN_BOOL_CONVERSION = YES;
				CLANG_WARN_CONSTANT_CONVERSION = YES;
				CLANG_WARN_EMPTY_BODY = YES;
				CLANG_WARN_ENUM_CONVERSION = YES;
				CLANG_WARN_INT_CONVERSION = YES;
				CLANG_WARN__DUPLICATE_METHOD_MATCH = YES;
				ENABLE_TESTABILITY = YES;
				GCC_C_LANGUAGE_STANDARD = c99;
				GCC_OPTIMIZATION_LEVEL = 0;
				GCC_PREPROCESSOR_DEFINITIONS = "";
				GCC_THUMB_SUPPORT = NO;
				GCC_VERSION = "";
				GCC_WARN_ABOUT_RETURN_TYPE = YES;
				GCC_WARN_UNDECLARED_SELECTOR = YES;
				GCC_WARN_UNINITIALIZED_AUTOS = YES;
				GCC_WARN_UNUSED_FUNCTION = YES;
				GCC_WARN_UNUSED_VARIABLE = YES;
				IPHONEOS_DEPLOYMENT_TARGET = 9.0;
				ONLY_ACTIVE_ARCH = YES;
				OTHER_CFLAGS = "-DDEBUG";
				PUBLIC_HEADERS_FOLDER_PATH = include/Cordova;
				SDKROOT = iphoneos11.2;
				SKIP_INSTALL = YES;
				TARGETED_DEVICE_FAMILY = "1,2";
				USER_HEADER_SEARCH_PATHS = "";
			};
			name = Debug;
		};
		1DEB922408733DC00010E9CD /* Release */ = {
			isa = XCBuildConfiguration;
			buildSettings = {
				CLANG_WARN_BOOL_CONVERSION = YES;
				CLANG_WARN_CONSTANT_CONVERSION = YES;
				CLANG_WARN_EMPTY_BODY = YES;
				CLANG_WARN_ENUM_CONVERSION = YES;
				CLANG_WARN_INT_CONVERSION = YES;
				CLANG_WARN__DUPLICATE_METHOD_MATCH = YES;
				GCC_C_LANGUAGE_STANDARD = c99;
				GCC_PREPROCESSOR_DEFINITIONS = "";
				GCC_THUMB_SUPPORT = NO;
				GCC_VERSION = "";
				GCC_WARN_ABOUT_RETURN_TYPE = YES;
				GCC_WARN_UNDECLARED_SELECTOR = YES;
				GCC_WARN_UNINITIALIZED_AUTOS = YES;
				GCC_WARN_UNUSED_FUNCTION = YES;
				GCC_WARN_UNUSED_VARIABLE = YES;
				IPHONEOS_DEPLOYMENT_TARGET = 9.0;
				ONLY_ACTIVE_ARCH = YES;
				PUBLIC_HEADERS_FOLDER_PATH = include/Cordova;
				SDKROOT = iphoneos11.2;
				SKIP_INSTALL = YES;
				TARGETED_DEVICE_FAMILY = "1,2";
			};
			name = Release;
		};
		C0C01EB71E3911D50056E6CB /* Debug */ = {
			isa = XCBuildConfiguration;
			buildSettings = {
				ALWAYS_SEARCH_USER_PATHS = NO;
				ARCHS = "$(ARCHS_STANDARD)";
				CLANG_ANALYZER_NONNULL = YES;
				CLANG_CXX_LANGUAGE_STANDARD = "gnu++0x";
				CLANG_CXX_LIBRARY = "libc++";
				CLANG_ENABLE_MODULES = YES;
				CLANG_ENABLE_OBJC_ARC = YES;
				CLANG_WARN_DIRECT_OBJC_ISA_USAGE = YES_ERROR;
				CLANG_WARN_DOCUMENTATION_COMMENTS = YES;
				CLANG_WARN_INFINITE_RECURSION = YES;
				CLANG_WARN_OBJC_ROOT_CLASS = YES_ERROR;
				CLANG_WARN_SUSPICIOUS_MOVE = YES;
				CLANG_WARN_UNREACHABLE_CODE = YES;
				CODE_SIGN_IDENTITY = "";
				"CODE_SIGN_IDENTITY[sdk=iphoneos*]" = "iPhone Developer";
				COPY_PHASE_STRIP = NO;
				CURRENT_PROJECT_VERSION = 1;
				DEBUG_INFORMATION_FORMAT = dwarf;
				DEFINES_MODULE = YES;
				DYLIB_COMPATIBILITY_VERSION = 1;
				DYLIB_CURRENT_VERSION = 1;
				DYLIB_INSTALL_NAME_BASE = "@rpath";
				ENABLE_STRICT_OBJC_MSGSEND = YES;
				GCC_C_LANGUAGE_STANDARD = gnu99;
				GCC_DYNAMIC_NO_PIC = NO;
				GCC_NO_COMMON_BLOCKS = YES;
				GCC_PREPROCESSOR_DEFINITIONS = (
					"DEBUG=1",
					"$(inherited)",
				);
				GCC_WARN_64_TO_32_BIT_CONVERSION = YES;
				GCC_WARN_ABOUT_RETURN_TYPE = YES_ERROR;
				GCC_WARN_UNINITIALIZED_AUTOS = YES_AGGRESSIVE;
				INFOPLIST_FILE = Cordova/Info.plist;
				INSTALL_PATH = "$(LOCAL_LIBRARY_DIR)/Frameworks";
				IPHONEOS_DEPLOYMENT_TARGET = 9.0;
				LD_RUNPATH_SEARCH_PATHS = "$(inherited) @executable_path/Frameworks @loader_path/Frameworks";
				MTL_ENABLE_DEBUG_INFO = YES;
				OTHER_LDFLAGS = "-all_load";
				PRODUCT_BUNDLE_IDENTIFIER = org.apache.cordova.Cordova;
				PRODUCT_NAME = "$(TARGET_NAME)";
				PUBLIC_HEADERS_FOLDER_PATH = "$(CONTENTS_FOLDER_PATH)/Headers";
				SKIP_INSTALL = YES;
				VERSIONING_SYSTEM = "apple-generic";
				VERSION_INFO_PREFIX = "";
			};
			name = Debug;
		};
		C0C01EB81E3911D50056E6CB /* Release */ = {
			isa = XCBuildConfiguration;
			buildSettings = {
				ALWAYS_SEARCH_USER_PATHS = NO;
				ARCHS = "$(ARCHS_STANDARD)";
				CLANG_ANALYZER_NONNULL = YES;
				CLANG_CXX_LANGUAGE_STANDARD = "gnu++0x";
				CLANG_CXX_LIBRARY = "libc++";
				CLANG_ENABLE_MODULES = YES;
				CLANG_ENABLE_OBJC_ARC = YES;
				CLANG_WARN_DIRECT_OBJC_ISA_USAGE = YES_ERROR;
				CLANG_WARN_DOCUMENTATION_COMMENTS = YES;
				CLANG_WARN_INFINITE_RECURSION = YES;
				CLANG_WARN_OBJC_ROOT_CLASS = YES_ERROR;
				CLANG_WARN_SUSPICIOUS_MOVE = YES;
				CLANG_WARN_UNREACHABLE_CODE = YES;
				CODE_SIGN_IDENTITY = "";
				"CODE_SIGN_IDENTITY[sdk=iphoneos*]" = "iPhone Developer";
				COPY_PHASE_STRIP = NO;
				CURRENT_PROJECT_VERSION = 1;
				DEBUG_INFORMATION_FORMAT = "dwarf-with-dsym";
				DEFINES_MODULE = YES;
				DYLIB_COMPATIBILITY_VERSION = 1;
				DYLIB_CURRENT_VERSION = 1;
				DYLIB_INSTALL_NAME_BASE = "@rpath";
				ENABLE_NS_ASSERTIONS = NO;
				ENABLE_STRICT_OBJC_MSGSEND = YES;
				GCC_C_LANGUAGE_STANDARD = gnu99;
				GCC_NO_COMMON_BLOCKS = YES;
				GCC_WARN_64_TO_32_BIT_CONVERSION = YES;
				GCC_WARN_ABOUT_RETURN_TYPE = YES_ERROR;
				GCC_WARN_UNINITIALIZED_AUTOS = YES_AGGRESSIVE;
				INFOPLIST_FILE = Cordova/Info.plist;
				INSTALL_PATH = "$(LOCAL_LIBRARY_DIR)/Frameworks";
				IPHONEOS_DEPLOYMENT_TARGET = 9.0;
				LD_RUNPATH_SEARCH_PATHS = "$(inherited) @executable_path/Frameworks @loader_path/Frameworks";
				MTL_ENABLE_DEBUG_INFO = NO;
				OTHER_LDFLAGS = "-all_load";
				PRODUCT_BUNDLE_IDENTIFIER = org.apache.cordova.Cordova;
				PRODUCT_NAME = "$(TARGET_NAME)";
				PUBLIC_HEADERS_FOLDER_PATH = "$(CONTENTS_FOLDER_PATH)/Headers";
				SKIP_INSTALL = YES;
				VALIDATE_PRODUCT = YES;
				VERSIONING_SYSTEM = "apple-generic";
				VERSION_INFO_PREFIX = "";
			};
			name = Release;
		};
/* End XCBuildConfiguration section */

/* Begin XCConfigurationList section */
		0D884A1621145F820066C765 /* Build configuration list for PBXNativeTarget "situmcordovaplugintests" */ = {
			isa = XCConfigurationList;
			buildConfigurations = (
				0D884A1721145F820066C765 /* Debug */,
				0D884A1821145F820066C765 /* Release */,
			);
			defaultConfigurationIsVisible = 0;
			defaultConfigurationName = Release;
		};
		1DEB921E08733DC00010E9CD /* Build configuration list for PBXNativeTarget "SitumCordovaPlugin" */ = {
			isa = XCConfigurationList;
			buildConfigurations = (
				1DEB921F08733DC00010E9CD /* Debug */,
				1DEB922008733DC00010E9CD /* Release */,
			);
			defaultConfigurationIsVisible = 0;
			defaultConfigurationName = Release;
		};
		1DEB922208733DC00010E9CD /* Build configuration list for PBXProject "SitumCordovaPlugin" */ = {
			isa = XCConfigurationList;
			buildConfigurations = (
				1DEB922308733DC00010E9CD /* Debug */,
				1DEB922408733DC00010E9CD /* Release */,
			);
			defaultConfigurationIsVisible = 0;
			defaultConfigurationName = Release;
		};
		C0C01EB91E3911D50056E6CB /* Build configuration list for PBXNativeTarget "Cordova" */ = {
			isa = XCConfigurationList;
			buildConfigurations = (
				C0C01EB71E3911D50056E6CB /* Debug */,
				C0C01EB81E3911D50056E6CB /* Release */,
			);
			defaultConfigurationIsVisible = 0;
			defaultConfigurationName = Release;
		};
/* End XCConfigurationList section */

/* Begin XCVersionGroup section */
		0DF4AB0F21143D5700D81A31 /* situmcordovaplugin.xcdatamodeld */ = {
			isa = XCVersionGroup;
			children = (
				0DF4AB1021143D5700D81A31 /* situmcordovaplugin.xcdatamodel */,
			);
			currentVersion = 0DF4AB1021143D5700D81A31 /* situmcordovaplugin.xcdatamodel */;
			path = situmcordovaplugin.xcdatamodeld;
			sourceTree = "<group>";
			versionGroupType = wrapper.xcdatamodel;
		};
/* End XCVersionGroup section */
	};
	rootObject = 0867D690FE84028FC02AAC07 /* Project object */;
}
