{
  "name": "situm-cordova-plugin-official",
  "version": "1.5.8",
  "lockfileVersion": 1,
  "requires": true,
  "dependencies": {
    "describe": {
      "version": "1.2.0",
      "resolved": "https://registry.npmjs.org/describe/-/describe-1.2.0.tgz",
      "integrity": "sha1-O0LvptyhqiRF720VwZhU3lg3EcA=",
      "requires": {
        "string-color": "0.8.0"
      }
    },
    "jsdoc-toolkit": {
      "version": "0.0.2",
      "resolved": "https://registry.npmjs.org/jsdoc-toolkit/-/jsdoc-toolkit-0.0.2.tgz",
      "integrity": "sha1-8UQ6yEfR2qbNSDHuXBkeC5RdwAQ="
    },
    "string-color": {
      "version": "0.8.0",
      "resolved": "https://registry.npmjs.org/string-color/-/string-color-0.8.0.tgz",
      "integrity": "sha1-HmdMgpXOKd3Zd4tuTLOqXnVEhAM="
    }
  }
}
