{
  "name": "situm-cordova-plugin-official",
  "version": "1.5.9",
  "lockfileVersion": 1,
  "requires": true,
  "dependencies": {
    "ansi": {
      "version": "0.3.1",
      "resolved": "https://registry.npmjs.org/ansi/-/ansi-0.3.1.tgz",
      "integrity": "sha1-DELU+xcWDVqa8eSEus4cZpIsGyE="
    },
    "balanced-match": {
      "version": "1.0.0",
      "resolved": "https://registry.npmjs.org/balanced-match/-/balanced-match-1.0.0.tgz",
      "integrity": "sha1-ibTRmasr7kneFk6gK4nORi1xt2c="
    },
    "base64-js": {
      "version": "0.0.8",
      "resolved": "https://registry.npmjs.org/base64-js/-/base64-js-0.0.8.tgz",
      "integrity": "sha1-EQHpVE9KdrG8OybUUsqW16NeeXg="
    },
    "big-integer": {
      "version": "1.6.28",
      "resolved": "https://registry.npmjs.org/big-integer/-/big-integer-1.6.28.tgz",
      "integrity": "sha512-OJT3rzgtsYca/5WmmEuFJDPMwROVh5SSjoEX9wIrpfbbWJ4KqRzShs8Cj6jWHaatBYAeWngBA+kmmrcHSklT1g=="
    },
    "bplist-parser": {
      "version": "0.1.1",
      "resolved": "https://registry.npmjs.org/bplist-parser/-/bplist-parser-0.1.1.tgz",
      "integrity": "sha1-1g1dzCDLptx+HymbNdPh+V2vuuY=",
      "requires": {
        "big-integer": "1.6.28"
      }
    },
    "brace-expansion": {
      "version": "1.1.11",
      "resolved": "https://registry.npmjs.org/brace-expansion/-/brace-expansion-1.1.11.tgz",
      "integrity": "sha512-iCuPHDFgrHX7H2vEI/5xpz07zSHB00TpugqhmYtVmMO6518mCuRMoOYFldEBl0g187ufozdaHgWKcYFb61qGiA==",
      "requires": {
        "balanced-match": "1.0.0",
        "concat-map": "0.0.1"
      }
    },
    "concat-map": {
      "version": "0.0.1",
      "resolved": "https://registry.npmjs.org/concat-map/-/concat-map-0.0.1.tgz",
      "integrity": "sha1-2Klr13/Wjfd5OnMDajug1UBdR3s="
    },
    "cordova-common": {
      "version": "2.2.1",
      "resolved": "https://registry.npmjs.org/cordova-common/-/cordova-common-2.2.1.tgz",
      "integrity": "sha1-cAm8WRcpyqcoWliM/Wp7VM2DTww=",
      "requires": {
        "ansi": "0.3.1",
        "bplist-parser": "0.1.1",
        "cordova-registry-mapper": "1.1.15",
        "elementtree": "0.1.6",
        "glob": "5.0.15",
        "minimatch": "3.0.4",
        "osenv": "0.1.5",
        "plist": "1.2.0",
        "q": "1.5.1",
        "semver": "5.5.0",
        "shelljs": "0.5.3",
        "underscore": "1.9.1",
        "unorm": "1.4.1"
      }
    },
    "cordova-registry-mapper": {
      "version": "1.1.15",
      "resolved": "https://registry.npmjs.org/cordova-registry-mapper/-/cordova-registry-mapper-1.1.15.tgz",
      "integrity": "sha1-4kS5GFuBdUc7/2B5MkkFEV+D3Hw="
    },
    "describe": {
      "version": "1.2.0",
      "resolved": "https://registry.npmjs.org/describe/-/describe-1.2.0.tgz",
      "integrity": "sha1-O0LvptyhqiRF720VwZhU3lg3EcA=",
      "requires": {
        "string-color": "0.8.0"
      }
    },
    "elementtree": {
      "version": "0.1.6",
      "resolved": "https://registry.npmjs.org/elementtree/-/elementtree-0.1.6.tgz",
      "integrity": "sha1-KsTEbqMFFsjEy9teOsdBjlkt4gw=",
      "requires": {
        "sax": "0.3.5"
      }
    },
    "glob": {
      "version": "5.0.15",
      "resolved": "https://registry.npmjs.org/glob/-/glob-5.0.15.tgz",
      "integrity": "sha1-G8k2ueAvSmA/zCIuz3Yz0wuLk7E=",
      "requires": {
        "inflight": "1.0.6",
        "inherits": "2.0.3",
        "minimatch": "3.0.4",
        "once": "1.4.0",
        "path-is-absolute": "1.0.1"
      }
    },
    "inflight": {
      "version": "1.0.6",
      "resolved": "https://registry.npmjs.org/inflight/-/inflight-1.0.6.tgz",
      "integrity": "sha1-Sb1jMdfQLQwJvJEKEHW6gWW1bfk=",
      "requires": {
        "once": "1.4.0",
        "wrappy": "1.0.2"
      }
    },
    "inherits": {
      "version": "2.0.3",
      "resolved": "https://registry.npmjs.org/inherits/-/inherits-2.0.3.tgz",
      "integrity": "sha1-Yzwsg+PaQqUC9SRmAiSA9CCCYd4="
    },
    "jsdoc-toolkit": {
      "version": "0.0.2",
      "resolved": "https://registry.npmjs.org/jsdoc-toolkit/-/jsdoc-toolkit-0.0.2.tgz",
      "integrity": "sha1-8UQ6yEfR2qbNSDHuXBkeC5RdwAQ="
    },
    "lodash": {
      "version": "3.10.1",
      "resolved": "https://registry.npmjs.org/lodash/-/lodash-3.10.1.tgz",
      "integrity": "sha1-W/Rejkm6QYnhfUgnid/RW9FAt7Y="
    },
    "minimatch": {
      "version": "3.0.4",
      "resolved": "https://registry.npmjs.org/minimatch/-/minimatch-3.0.4.tgz",
      "integrity": "sha512-yJHVQEhyqPLUTgt9B83PXu6W3rx4MvvHvSUvToogpwoGDOUQ+yDrR0HRot+yOCdCO7u4hX3pWft6kWBBcqh0UA==",
      "requires": {
        "brace-expansion": "1.1.11"
      }
    },
    "once": {
      "version": "1.4.0",
      "resolved": "https://registry.npmjs.org/once/-/once-1.4.0.tgz",
      "integrity": "sha1-WDsap3WWHUsROsF9nFC6753Xa9E=",
      "requires": {
        "wrappy": "1.0.2"
      }
    },
    "os-homedir": {
      "version": "1.0.2",
      "resolved": "https://registry.npmjs.org/os-homedir/-/os-homedir-1.0.2.tgz",
      "integrity": "sha1-/7xJiDNuDoM94MFox+8VISGqf7M="
    },
    "os-tmpdir": {
      "version": "1.0.2",
      "resolved": "https://registry.npmjs.org/os-tmpdir/-/os-tmpdir-1.0.2.tgz",
      "integrity": "sha1-u+Z0BseaqFxc/sdm/lc0VV36EnQ="
    },
    "osenv": {
      "version": "0.1.5",
      "resolved": "https://registry.npmjs.org/osenv/-/osenv-0.1.5.tgz",
      "integrity": "sha512-0CWcCECdMVc2Rw3U5w9ZjqX6ga6ubk1xDVKxtBQPK7wis/0F2r9T6k4ydGYhecl7YUBxBVxhL5oisPsNxAPe2g==",
      "requires": {
        "os-homedir": "1.0.2",
        "os-tmpdir": "1.0.2"
      }
    },
    "path-is-absolute": {
      "version": "1.0.1",
      "resolved": "https://registry.npmjs.org/path-is-absolute/-/path-is-absolute-1.0.1.tgz",
      "integrity": "sha1-F0uSaHNVNP+8es5r9TpanhtcX18="
    },
    "plist": {
      "version": "1.2.0",
      "resolved": "https://registry.npmjs.org/plist/-/plist-1.2.0.tgz",
      "integrity": "sha1-CEtQk93JJQbiWfh0uNmxr7jHlZM=",
      "requires": {
        "base64-js": "0.0.8",
        "util-deprecate": "1.0.2",
        "xmlbuilder": "4.0.0",
        "xmldom": "0.1.27"
      }
    },
    "q": {
      "version": "1.5.1",
      "resolved": "https://registry.npmjs.org/q/-/q-1.5.1.tgz",
      "integrity": "sha1-fjL3W0E4EpHQRhHxvxQQmsAGUdc="
    },
    "sax": {
      "version": "0.3.5",
      "resolved": "https://registry.npmjs.org/sax/-/sax-0.3.5.tgz",
      "integrity": "sha1-iPz8H3PAyLvVt8d2ttPzUB7tBz0="
    },
    "semver": {
      "version": "5.5.0",
      "resolved": "https://registry.npmjs.org/semver/-/semver-5.5.0.tgz",
      "integrity": "sha512-4SJ3dm0WAwWy/NVeioZh5AntkdJoWKxHxcmyP622fOkgHa4z3R0TdBJICINyaSDE6uNwVc8gZr+ZinwZAH4xIA=="
    },
    "shelljs": {
      "version": "0.5.3",
      "resolved": "https://registry.npmjs.org/shelljs/-/shelljs-0.5.3.tgz",
      "integrity": "sha1-xUmCuZbHbvDB5rWfvcWCX1txMRM="
    },
    "string-color": {
      "version": "0.8.0",
      "resolved": "https://registry.npmjs.org/string-color/-/string-color-0.8.0.tgz",
      "integrity": "sha1-HmdMgpXOKd3Zd4tuTLOqXnVEhAM="
    },
    "underscore": {
      "version": "1.9.1",
      "resolved": "https://registry.npmjs.org/underscore/-/underscore-1.9.1.tgz",
      "integrity": "sha512-5/4etnCkd9c8gwgowi5/om/mYO5ajCaOgdzj/oW+0eQV9WxKBDZw5+ycmKmeaTXjInS/W0BzpGLo2xR2aBwZdg=="
    },
    "unorm": {
      "version": "1.4.1",
      "resolved": "https://registry.npmjs.org/unorm/-/unorm-1.4.1.tgz",
      "integrity": "sha1-NkIA1fE2RsqLzURJAnEzVhR5IwA="
    },
    "util-deprecate": {
      "version": "1.0.2",
      "resolved": "https://registry.npmjs.org/util-deprecate/-/util-deprecate-1.0.2.tgz",
      "integrity": "sha1-RQ1Nyfpw3nMnYvvS1KKJgUGaDM8="
    },
    "wrappy": {
      "version": "1.0.2",
      "resolved": "https://registry.npmjs.org/wrappy/-/wrappy-1.0.2.tgz",
      "integrity": "sha1-tSQ9jz7BqjXxNkYFvA0QNuMKtp8="
    },
    "xmlbuilder": {
      "version": "4.0.0",
      "resolved": "https://registry.npmjs.org/xmlbuilder/-/xmlbuilder-4.0.0.tgz",
      "integrity": "sha1-mLj2UcowqmJANvEn0RzGbce5B6M=",
      "requires": {
        "lodash": "3.10.1"
      }
    },
    "xmldom": {
      "version": "0.1.27",
      "resolved": "https://registry.npmjs.org/xmldom/-/xmldom-0.1.27.tgz",
      "integrity": "sha1-1QH5ezvbQDr4757MIFcxh6rawOk="
    }
  }
}
