{
  "name": "situm-cordova-plugin-official",
  "version": "1.4.0",
  "lockfileVersion": 1,
  "requires": true,
  "dependencies": {
    "jsdoc-toolkit": {
      "version": "0.0.2",
      "resolved": "https://registry.npmjs.org/jsdoc-toolkit/-/jsdoc-toolkit-0.0.2.tgz",
      "integrity": "sha1-8UQ6yEfR2qbNSDHuXBkeC5RdwAQ="
    }
  }
}
